
Microsoft Visual Studio Solution File, Format Version 12.00
# Visual Studio 14
VisualStudioVersion = 14.0.25420.1
MinimumVisualStudioVersion = 10.0.40219.1
Project("{FAE04EC0-301F-11D3-BF4B-00C04F79EFBC}") = "Shopy.Entity", "Shopy.Entity\Shopy.Entity.csproj", "{9906CDC8-2F15-40B8-8E83-6114727EE5E6}"
EndProject
Project("{FAE04EC0-301F-11D3-BF4B-00C04F79EFBC}") = "Shopy.DataAccess", "Shopy.DataAccess\Shopy.DataAccess.csproj", "{90FA3ACA-CEE3-46B7-9ABB-3A945F3A3A3D}"
EndProject
Project("{FAE04EC0-301F-11D3-BF4B-00C04F79EFBC}") = "Shopy.Logic", "Shopy.Logic\Shopy.Logic.csproj", "{07768578-CCDC-4F9E-8525-EABBD6F77E97}"
EndProject
Project("{FAE04EC0-301F-11D3-BF4B-00C04F79EFBC}") = "Shopy.Logic.Interface", "Shopy.Logic.Interface\Shopy.Logic.Interface.csproj", "{9A72345F-9E2B-4F18-A76B-B4248F5B72BC}"
EndProject
Project("{FAE04EC0-301F-11D3-BF4B-00C04F79EFBC}") = "Shopy.Common", "Shopy.Common\Shopy.Common.csproj", "{BD5BC8AD-6913-4739-8F54-5BB7FF7963C4}"
EndProject
Project("{8BB2217D-0F2D-49D1-97BC-3654ED321F3B}") = "Shopy.Service", "Shopy.Service\Shopy.Service.xproj", "{173E3A77-1F98-45D5-824B-A00445807F19}"
EndProject
Project("{FAE04EC0-301F-11D3-BF4B-00C04F79EFBC}") = "Shopy.App.Droid", "Shopy.App\Shopy.App.Droid\Shopy.App.Droid.csproj", "{43D3B68D-ED8E-41B5-8766-9C51A7121629}"
EndProject
Project("{FAE04EC0-301F-11D3-BF4B-00C04F79EFBC}") = "Shopy.App.iOS", "Shopy.App\Shopy.App.iOS\Shopy.App.iOS.csproj", "{1C4853C2-5A96-4948-97B7-EEEDD11B1DB8}"
EndProject
Project("{FAE04EC0-301F-11D3-BF4B-00C04F79EFBC}") = "Shopy.App.WinPhone", "Shopy.App\Shopy.App.WinPhone\Shopy.App.WinPhone.csproj", "{DC85ED23-F4B2-4ED6-9DE9-7F1B19DA6DBC}"
EndProject
Project("{FAE04EC0-301F-11D3-BF4B-00C04F79EFBC}") = "Shopy.App.UWP", "Shopy.App\Shopy.App.UWP\Shopy.App.UWP.csproj", "{6BB84215-32AE-400C-BF9B-7BFA67B736F6}"
EndProject
Project("{FAE04EC0-301F-11D3-BF4B-00C04F79EFBC}") = "Shopy.App.Windows", "Shopy.App\Shopy.App.Windows\Shopy.App.Windows.csproj", "{C60673DB-2F60-43D0-AE7D-2B6851F75F0F}"
EndProject
Project("{FAE04EC0-301F-11D3-BF4B-00C04F79EFBC}") = "Shopy.App", "Shopy.App\Shopy.App\Shopy.App.csproj", "{DB29696E-1A92-4351-8D62-F3E9C0DF9FD4}"
EndProject
Project("{FAE04EC0-301F-11D3-BF4B-00C04F79EFBC}") = "Shopy.App.Entity", "Shopy.App.Entity\Shopy.App.Entity.csproj", "{5B56569A-0350-4298-ABA6-09FC92FD297F}"
EndProject
Global
	GlobalSection(SolutionConfigurationPlatforms) = preSolution
		Ad-Hoc|Any CPU = Ad-Hoc|Any CPU
		Ad-Hoc|ARM = Ad-Hoc|ARM
		Ad-Hoc|iPhone = Ad-Hoc|iPhone
		Ad-Hoc|iPhoneSimulator = Ad-Hoc|iPhoneSimulator
		Ad-Hoc|x64 = Ad-Hoc|x64
		Ad-Hoc|x86 = Ad-Hoc|x86
		AppStore|Any CPU = AppStore|Any CPU
		AppStore|ARM = AppStore|ARM
		AppStore|iPhone = AppStore|iPhone
		AppStore|iPhoneSimulator = AppStore|iPhoneSimulator
		AppStore|x64 = AppStore|x64
		AppStore|x86 = AppStore|x86
		Debug|Any CPU = Debug|Any CPU
		Debug|ARM = Debug|ARM
		Debug|iPhone = Debug|iPhone
		Debug|iPhoneSimulator = Debug|iPhoneSimulator
		Debug|x64 = Debug|x64
		Debug|x86 = Debug|x86
		Release|Any CPU = Release|Any CPU
		Release|ARM = Release|ARM
		Release|iPhone = Release|iPhone
		Release|iPhoneSimulator = Release|iPhoneSimulator
		Release|x64 = Release|x64
		Release|x86 = Release|x86
	EndGlobalSection
	GlobalSection(ProjectConfigurationPlatforms) = postSolution
		{9906CDC8-2F15-40B8-8E83-6114727EE5E6}.Ad-Hoc|Any CPU.ActiveCfg = Release|Any CPU
		{9906CDC8-2F15-40B8-8E83-6114727EE5E6}.Ad-Hoc|Any CPU.Build.0 = Release|Any CPU
		{9906CDC8-2F15-40B8-8E83-6114727EE5E6}.Ad-Hoc|ARM.ActiveCfg = Release|Any CPU
		{9906CDC8-2F15-40B8-8E83-6114727EE5E6}.Ad-Hoc|ARM.Build.0 = Release|Any CPU
		{9906CDC8-2F15-40B8-8E83-6114727EE5E6}.Ad-Hoc|iPhone.ActiveCfg = Release|Any CPU
		{9906CDC8-2F15-40B8-8E83-6114727EE5E6}.Ad-Hoc|iPhone.Build.0 = Release|Any CPU
		{9906CDC8-2F15-40B8-8E83-6114727EE5E6}.Ad-Hoc|iPhoneSimulator.ActiveCfg = Release|Any CPU
		{9906CDC8-2F15-40B8-8E83-6114727EE5E6}.Ad-Hoc|iPhoneSimulator.Build.0 = Release|Any CPU
		{9906CDC8-2F15-40B8-8E83-6114727EE5E6}.Ad-Hoc|x64.ActiveCfg = Release|Any CPU
		{9906CDC8-2F15-40B8-8E83-6114727EE5E6}.Ad-Hoc|x64.Build.0 = Release|Any CPU
		{9906CDC8-2F15-40B8-8E83-6114727EE5E6}.Ad-Hoc|x86.ActiveCfg = Release|Any CPU
		{9906CDC8-2F15-40B8-8E83-6114727EE5E6}.Ad-Hoc|x86.Build.0 = Release|Any CPU
		{9906CDC8-2F15-40B8-8E83-6114727EE5E6}.AppStore|Any CPU.ActiveCfg = Release|Any CPU
		{9906CDC8-2F15-40B8-8E83-6114727EE5E6}.AppStore|Any CPU.Build.0 = Release|Any CPU
		{9906CDC8-2F15-40B8-8E83-6114727EE5E6}.AppStore|ARM.ActiveCfg = Release|Any CPU
		{9906CDC8-2F15-40B8-8E83-6114727EE5E6}.AppStore|ARM.Build.0 = Release|Any CPU
		{9906CDC8-2F15-40B8-8E83-6114727EE5E6}.AppStore|iPhone.ActiveCfg = Release|Any CPU
		{9906CDC8-2F15-40B8-8E83-6114727EE5E6}.AppStore|iPhone.Build.0 = Release|Any CPU
		{9906CDC8-2F15-40B8-8E83-6114727EE5E6}.AppStore|iPhoneSimulator.ActiveCfg = Release|Any CPU
		{9906CDC8-2F15-40B8-8E83-6114727EE5E6}.AppStore|iPhoneSimulator.Build.0 = Release|Any CPU
		{9906CDC8-2F15-40B8-8E83-6114727EE5E6}.AppStore|x64.ActiveCfg = Release|Any CPU
		{9906CDC8-2F15-40B8-8E83-6114727EE5E6}.AppStore|x64.Build.0 = Release|Any CPU
		{9906CDC8-2F15-40B8-8E83-6114727EE5E6}.AppStore|x86.ActiveCfg = Release|Any CPU
		{9906CDC8-2F15-40B8-8E83-6114727EE5E6}.AppStore|x86.Build.0 = Release|Any CPU
		{9906CDC8-2F15-40B8-8E83-6114727EE5E6}.Debug|Any CPU.ActiveCfg = Debug|Any CPU
		{9906CDC8-2F15-40B8-8E83-6114727EE5E6}.Debug|Any CPU.Build.0 = Debug|Any CPU
		{9906CDC8-2F15-40B8-8E83-6114727EE5E6}.Debug|ARM.ActiveCfg = Debug|Any CPU
		{9906CDC8-2F15-40B8-8E83-6114727EE5E6}.Debug|ARM.Build.0 = Debug|Any CPU
		{9906CDC8-2F15-40B8-8E83-6114727EE5E6}.Debug|iPhone.ActiveCfg = Debug|Any CPU
		{9906CDC8-2F15-40B8-8E83-6114727EE5E6}.Debug|iPhone.Build.0 = Debug|Any CPU
		{9906CDC8-2F15-40B8-8E83-6114727EE5E6}.Debug|iPhoneSimulator.ActiveCfg = Debug|Any CPU
		{9906CDC8-2F15-40B8-8E83-6114727EE5E6}.Debug|iPhoneSimulator.Build.0 = Debug|Any CPU
		{9906CDC8-2F15-40B8-8E83-6114727EE5E6}.Debug|x64.ActiveCfg = Debug|Any CPU
		{9906CDC8-2F15-40B8-8E83-6114727EE5E6}.Debug|x64.Build.0 = Debug|Any CPU
		{9906CDC8-2F15-40B8-8E83-6114727EE5E6}.Debug|x86.ActiveCfg = Debug|Any CPU
		{9906CDC8-2F15-40B8-8E83-6114727EE5E6}.Debug|x86.Build.0 = Debug|Any CPU
		{9906CDC8-2F15-40B8-8E83-6114727EE5E6}.Release|Any CPU.ActiveCfg = Release|Any CPU
		{9906CDC8-2F15-40B8-8E83-6114727EE5E6}.Release|Any CPU.Build.0 = Release|Any CPU
		{9906CDC8-2F15-40B8-8E83-6114727EE5E6}.Release|ARM.ActiveCfg = Release|Any CPU
		{9906CDC8-2F15-40B8-8E83-6114727EE5E6}.Release|ARM.Build.0 = Release|Any CPU
		{9906CDC8-2F15-40B8-8E83-6114727EE5E6}.Release|iPhone.ActiveCfg = Release|Any CPU
		{9906CDC8-2F15-40B8-8E83-6114727EE5E6}.Release|iPhone.Build.0 = Release|Any CPU
		{9906CDC8-2F15-40B8-8E83-6114727EE5E6}.Release|iPhoneSimulator.ActiveCfg = Release|Any CPU
		{9906CDC8-2F15-40B8-8E83-6114727EE5E6}.Release|iPhoneSimulator.Build.0 = Release|Any CPU
		{9906CDC8-2F15-40B8-8E83-6114727EE5E6}.Release|x64.ActiveCfg = Release|Any CPU
		{9906CDC8-2F15-40B8-8E83-6114727EE5E6}.Release|x64.Build.0 = Release|Any CPU
		{9906CDC8-2F15-40B8-8E83-6114727EE5E6}.Release|x86.ActiveCfg = Release|Any CPU
		{9906CDC8-2F15-40B8-8E83-6114727EE5E6}.Release|x86.Build.0 = Release|Any CPU
		{90FA3ACA-CEE3-46B7-9ABB-3A945F3A3A3D}.Ad-Hoc|Any CPU.ActiveCfg = Release|Any CPU
		{90FA3ACA-CEE3-46B7-9ABB-3A945F3A3A3D}.Ad-Hoc|Any CPU.Build.0 = Release|Any CPU
		{90FA3ACA-CEE3-46B7-9ABB-3A945F3A3A3D}.Ad-Hoc|ARM.ActiveCfg = Release|Any CPU
		{90FA3ACA-CEE3-46B7-9ABB-3A945F3A3A3D}.Ad-Hoc|ARM.Build.0 = Release|Any CPU
		{90FA3ACA-CEE3-46B7-9ABB-3A945F3A3A3D}.Ad-Hoc|iPhone.ActiveCfg = Release|Any CPU
		{90FA3ACA-CEE3-46B7-9ABB-3A945F3A3A3D}.Ad-Hoc|iPhone.Build.0 = Release|Any CPU
		{90FA3ACA-CEE3-46B7-9ABB-3A945F3A3A3D}.Ad-Hoc|iPhoneSimulator.ActiveCfg = Release|Any CPU
		{90FA3ACA-CEE3-46B7-9ABB-3A945F3A3A3D}.Ad-Hoc|iPhoneSimulator.Build.0 = Release|Any CPU
		{90FA3ACA-CEE3-46B7-9ABB-3A945F3A3A3D}.Ad-Hoc|x64.ActiveCfg = Release|Any CPU
		{90FA3ACA-CEE3-46B7-9ABB-3A945F3A3A3D}.Ad-Hoc|x64.Build.0 = Release|Any CPU
		{90FA3ACA-CEE3-46B7-9ABB-3A945F3A3A3D}.Ad-Hoc|x86.ActiveCfg = Release|Any CPU
		{90FA3ACA-CEE3-46B7-9ABB-3A945F3A3A3D}.Ad-Hoc|x86.Build.0 = Release|Any CPU
		{90FA3ACA-CEE3-46B7-9ABB-3A945F3A3A3D}.AppStore|Any CPU.ActiveCfg = Release|Any CPU
		{90FA3ACA-CEE3-46B7-9ABB-3A945F3A3A3D}.AppStore|Any CPU.Build.0 = Release|Any CPU
		{90FA3ACA-CEE3-46B7-9ABB-3A945F3A3A3D}.AppStore|ARM.ActiveCfg = Release|Any CPU
		{90FA3ACA-CEE3-46B7-9ABB-3A945F3A3A3D}.AppStore|ARM.Build.0 = Release|Any CPU
		{90FA3ACA-CEE3-46B7-9ABB-3A945F3A3A3D}.AppStore|iPhone.ActiveCfg = Release|Any CPU
		{90FA3ACA-CEE3-46B7-9ABB-3A945F3A3A3D}.AppStore|iPhone.Build.0 = Release|Any CPU
		{90FA3ACA-CEE3-46B7-9ABB-3A945F3A3A3D}.AppStore|iPhoneSimulator.ActiveCfg = Release|Any CPU
		{90FA3ACA-CEE3-46B7-9ABB-3A945F3A3A3D}.AppStore|iPhoneSimulator.Build.0 = Release|Any CPU
		{90FA3ACA-CEE3-46B7-9ABB-3A945F3A3A3D}.AppStore|x64.ActiveCfg = Release|Any CPU
		{90FA3ACA-CEE3-46B7-9ABB-3A945F3A3A3D}.AppStore|x64.Build.0 = Release|Any CPU
		{90FA3ACA-CEE3-46B7-9ABB-3A945F3A3A3D}.AppStore|x86.ActiveCfg = Release|Any CPU
		{90FA3ACA-CEE3-46B7-9ABB-3A945F3A3A3D}.AppStore|x86.Build.0 = Release|Any CPU
		{90FA3ACA-CEE3-46B7-9ABB-3A945F3A3A3D}.Debug|Any CPU.ActiveCfg = Debug|Any CPU
		{90FA3ACA-CEE3-46B7-9ABB-3A945F3A3A3D}.Debug|Any CPU.Build.0 = Debug|Any CPU
		{90FA3ACA-CEE3-46B7-9ABB-3A945F3A3A3D}.Debug|ARM.ActiveCfg = Debug|Any CPU
		{90FA3ACA-CEE3-46B7-9ABB-3A945F3A3A3D}.Debug|ARM.Build.0 = Debug|Any CPU
		{90FA3ACA-CEE3-46B7-9ABB-3A945F3A3A3D}.Debug|iPhone.ActiveCfg = Debug|Any CPU
		{90FA3ACA-CEE3-46B7-9ABB-3A945F3A3A3D}.Debug|iPhone.Build.0 = Debug|Any CPU
		{90FA3ACA-CEE3-46B7-9ABB-3A945F3A3A3D}.Debug|iPhoneSimulator.ActiveCfg = Debug|Any CPU
		{90FA3ACA-CEE3-46B7-9ABB-3A945F3A3A3D}.Debug|iPhoneSimulator.Build.0 = Debug|Any CPU
		{90FA3ACA-CEE3-46B7-9ABB-3A945F3A3A3D}.Debug|x64.ActiveCfg = Debug|Any CPU
		{90FA3ACA-CEE3-46B7-9ABB-3A945F3A3A3D}.Debug|x64.Build.0 = Debug|Any CPU
		{90FA3ACA-CEE3-46B7-9ABB-3A945F3A3A3D}.Debug|x86.ActiveCfg = Debug|Any CPU
		{90FA3ACA-CEE3-46B7-9ABB-3A945F3A3A3D}.Debug|x86.Build.0 = Debug|Any CPU
		{90FA3ACA-CEE3-46B7-9ABB-3A945F3A3A3D}.Release|Any CPU.ActiveCfg = Release|Any CPU
		{90FA3ACA-CEE3-46B7-9ABB-3A945F3A3A3D}.Release|Any CPU.Build.0 = Release|Any CPU
		{90FA3ACA-CEE3-46B7-9ABB-3A945F3A3A3D}.Release|ARM.ActiveCfg = Release|Any CPU
		{90FA3ACA-CEE3-46B7-9ABB-3A945F3A3A3D}.Release|ARM.Build.0 = Release|Any CPU
		{90FA3ACA-CEE3-46B7-9ABB-3A945F3A3A3D}.Release|iPhone.ActiveCfg = Release|Any CPU
		{90FA3ACA-CEE3-46B7-9ABB-3A945F3A3A3D}.Release|iPhone.Build.0 = Release|Any CPU
		{90FA3ACA-CEE3-46B7-9ABB-3A945F3A3A3D}.Release|iPhoneSimulator.ActiveCfg = Release|Any CPU
		{90FA3ACA-CEE3-46B7-9ABB-3A945F3A3A3D}.Release|iPhoneSimulator.Build.0 = Release|Any CPU
		{90FA3ACA-CEE3-46B7-9ABB-3A945F3A3A3D}.Release|x64.ActiveCfg = Release|Any CPU
		{90FA3ACA-CEE3-46B7-9ABB-3A945F3A3A3D}.Release|x64.Build.0 = Release|Any CPU
		{90FA3ACA-CEE3-46B7-9ABB-3A945F3A3A3D}.Release|x86.ActiveCfg = Release|Any CPU
		{90FA3ACA-CEE3-46B7-9ABB-3A945F3A3A3D}.Release|x86.Build.0 = Release|Any CPU
		{07768578-CCDC-4F9E-8525-EABBD6F77E97}.Ad-Hoc|Any CPU.ActiveCfg = Release|Any CPU
		{07768578-CCDC-4F9E-8525-EABBD6F77E97}.Ad-Hoc|Any CPU.Build.0 = Release|Any CPU
		{07768578-CCDC-4F9E-8525-EABBD6F77E97}.Ad-Hoc|ARM.ActiveCfg = Release|Any CPU
		{07768578-CCDC-4F9E-8525-EABBD6F77E97}.Ad-Hoc|ARM.Build.0 = Release|Any CPU
		{07768578-CCDC-4F9E-8525-EABBD6F77E97}.Ad-Hoc|iPhone.ActiveCfg = Release|Any CPU
		{07768578-CCDC-4F9E-8525-EABBD6F77E97}.Ad-Hoc|iPhone.Build.0 = Release|Any CPU
		{07768578-CCDC-4F9E-8525-EABBD6F77E97}.Ad-Hoc|iPhoneSimulator.ActiveCfg = Release|Any CPU
		{07768578-CCDC-4F9E-8525-EABBD6F77E97}.Ad-Hoc|iPhoneSimulator.Build.0 = Release|Any CPU
		{07768578-CCDC-4F9E-8525-EABBD6F77E97}.Ad-Hoc|x64.ActiveCfg = Release|Any CPU
		{07768578-CCDC-4F9E-8525-EABBD6F77E97}.Ad-Hoc|x64.Build.0 = Release|Any CPU
		{07768578-CCDC-4F9E-8525-EABBD6F77E97}.Ad-Hoc|x86.ActiveCfg = Release|Any CPU
		{07768578-CCDC-4F9E-8525-EABBD6F77E97}.Ad-Hoc|x86.Build.0 = Release|Any CPU
		{07768578-CCDC-4F9E-8525-EABBD6F77E97}.AppStore|Any CPU.ActiveCfg = Release|Any CPU
		{07768578-CCDC-4F9E-8525-EABBD6F77E97}.AppStore|Any CPU.Build.0 = Release|Any CPU
		{07768578-CCDC-4F9E-8525-EABBD6F77E97}.AppStore|ARM.ActiveCfg = Release|Any CPU
		{07768578-CCDC-4F9E-8525-EABBD6F77E97}.AppStore|ARM.Build.0 = Release|Any CPU
		{07768578-CCDC-4F9E-8525-EABBD6F77E97}.AppStore|iPhone.ActiveCfg = Release|Any CPU
		{07768578-CCDC-4F9E-8525-EABBD6F77E97}.AppStore|iPhone.Build.0 = Release|Any CPU
		{07768578-CCDC-4F9E-8525-EABBD6F77E97}.AppStore|iPhoneSimulator.ActiveCfg = Release|Any CPU
		{07768578-CCDC-4F9E-8525-EABBD6F77E97}.AppStore|iPhoneSimulator.Build.0 = Release|Any CPU
		{07768578-CCDC-4F9E-8525-EABBD6F77E97}.AppStore|x64.ActiveCfg = Release|Any CPU
		{07768578-CCDC-4F9E-8525-EABBD6F77E97}.AppStore|x64.Build.0 = Release|Any CPU
		{07768578-CCDC-4F9E-8525-EABBD6F77E97}.AppStore|x86.ActiveCfg = Release|Any CPU
		{07768578-CCDC-4F9E-8525-EABBD6F77E97}.AppStore|x86.Build.0 = Release|Any CPU
		{07768578-CCDC-4F9E-8525-EABBD6F77E97}.Debug|Any CPU.ActiveCfg = Debug|Any CPU
		{07768578-CCDC-4F9E-8525-EABBD6F77E97}.Debug|Any CPU.Build.0 = Debug|Any CPU
		{07768578-CCDC-4F9E-8525-EABBD6F77E97}.Debug|ARM.ActiveCfg = Debug|Any CPU
		{07768578-CCDC-4F9E-8525-EABBD6F77E97}.Debug|ARM.Build.0 = Debug|Any CPU
		{07768578-CCDC-4F9E-8525-EABBD6F77E97}.Debug|iPhone.ActiveCfg = Debug|Any CPU
		{07768578-CCDC-4F9E-8525-EABBD6F77E97}.Debug|iPhone.Build.0 = Debug|Any CPU
		{07768578-CCDC-4F9E-8525-EABBD6F77E97}.Debug|iPhoneSimulator.ActiveCfg = Debug|Any CPU
		{07768578-CCDC-4F9E-8525-EABBD6F77E97}.Debug|iPhoneSimulator.Build.0 = Debug|Any CPU
		{07768578-CCDC-4F9E-8525-EABBD6F77E97}.Debug|x64.ActiveCfg = Debug|Any CPU
		{07768578-CCDC-4F9E-8525-EABBD6F77E97}.Debug|x64.Build.0 = Debug|Any CPU
		{07768578-CCDC-4F9E-8525-EABBD6F77E97}.Debug|x86.ActiveCfg = Debug|Any CPU
		{07768578-CCDC-4F9E-8525-EABBD6F77E97}.Debug|x86.Build.0 = Debug|Any CPU
		{07768578-CCDC-4F9E-8525-EABBD6F77E97}.Release|Any CPU.ActiveCfg = Release|Any CPU
		{07768578-CCDC-4F9E-8525-EABBD6F77E97}.Release|Any CPU.Build.0 = Release|Any CPU
		{07768578-CCDC-4F9E-8525-EABBD6F77E97}.Release|ARM.ActiveCfg = Release|Any CPU
		{07768578-CCDC-4F9E-8525-EABBD6F77E97}.Release|ARM.Build.0 = Release|Any CPU
		{07768578-CCDC-4F9E-8525-EABBD6F77E97}.Release|iPhone.ActiveCfg = Release|Any CPU
		{07768578-CCDC-4F9E-8525-EABBD6F77E97}.Release|iPhone.Build.0 = Release|Any CPU
		{07768578-CCDC-4F9E-8525-EABBD6F77E97}.Release|iPhoneSimulator.ActiveCfg = Release|Any CPU
		{07768578-CCDC-4F9E-8525-EABBD6F77E97}.Release|iPhoneSimulator.Build.0 = Release|Any CPU
		{07768578-CCDC-4F9E-8525-EABBD6F77E97}.Release|x64.ActiveCfg = Release|Any CPU
		{07768578-CCDC-4F9E-8525-EABBD6F77E97}.Release|x64.Build.0 = Release|Any CPU
		{07768578-CCDC-4F9E-8525-EABBD6F77E97}.Release|x86.ActiveCfg = Release|Any CPU
		{07768578-CCDC-4F9E-8525-EABBD6F77E97}.Release|x86.Build.0 = Release|Any CPU
		{9A72345F-9E2B-4F18-A76B-B4248F5B72BC}.Ad-Hoc|Any CPU.ActiveCfg = Release|Any CPU
		{9A72345F-9E2B-4F18-A76B-B4248F5B72BC}.Ad-Hoc|Any CPU.Build.0 = Release|Any CPU
		{9A72345F-9E2B-4F18-A76B-B4248F5B72BC}.Ad-Hoc|ARM.ActiveCfg = Release|Any CPU
		{9A72345F-9E2B-4F18-A76B-B4248F5B72BC}.Ad-Hoc|ARM.Build.0 = Release|Any CPU
		{9A72345F-9E2B-4F18-A76B-B4248F5B72BC}.Ad-Hoc|iPhone.ActiveCfg = Release|Any CPU
		{9A72345F-9E2B-4F18-A76B-B4248F5B72BC}.Ad-Hoc|iPhone.Build.0 = Release|Any CPU
		{9A72345F-9E2B-4F18-A76B-B4248F5B72BC}.Ad-Hoc|iPhoneSimulator.ActiveCfg = Release|Any CPU
		{9A72345F-9E2B-4F18-A76B-B4248F5B72BC}.Ad-Hoc|iPhoneSimulator.Build.0 = Release|Any CPU
		{9A72345F-9E2B-4F18-A76B-B4248F5B72BC}.Ad-Hoc|x64.ActiveCfg = Release|Any CPU
		{9A72345F-9E2B-4F18-A76B-B4248F5B72BC}.Ad-Hoc|x64.Build.0 = Release|Any CPU
		{9A72345F-9E2B-4F18-A76B-B4248F5B72BC}.Ad-Hoc|x86.ActiveCfg = Release|Any CPU
		{9A72345F-9E2B-4F18-A76B-B4248F5B72BC}.Ad-Hoc|x86.Build.0 = Release|Any CPU
		{9A72345F-9E2B-4F18-A76B-B4248F5B72BC}.AppStore|Any CPU.ActiveCfg = Release|Any CPU
		{9A72345F-9E2B-4F18-A76B-B4248F5B72BC}.AppStore|Any CPU.Build.0 = Release|Any CPU
		{9A72345F-9E2B-4F18-A76B-B4248F5B72BC}.AppStore|ARM.ActiveCfg = Release|Any CPU
		{9A72345F-9E2B-4F18-A76B-B4248F5B72BC}.AppStore|ARM.Build.0 = Release|Any CPU
		{9A72345F-9E2B-4F18-A76B-B4248F5B72BC}.AppStore|iPhone.ActiveCfg = Release|Any CPU
		{9A72345F-9E2B-4F18-A76B-B4248F5B72BC}.AppStore|iPhone.Build.0 = Release|Any CPU
		{9A72345F-9E2B-4F18-A76B-B4248F5B72BC}.AppStore|iPhoneSimulator.ActiveCfg = Release|Any CPU
		{9A72345F-9E2B-4F18-A76B-B4248F5B72BC}.AppStore|iPhoneSimulator.Build.0 = Release|Any CPU
		{9A72345F-9E2B-4F18-A76B-B4248F5B72BC}.AppStore|x64.ActiveCfg = Release|Any CPU
		{9A72345F-9E2B-4F18-A76B-B4248F5B72BC}.AppStore|x64.Build.0 = Release|Any CPU
		{9A72345F-9E2B-4F18-A76B-B4248F5B72BC}.AppStore|x86.ActiveCfg = Release|Any CPU
		{9A72345F-9E2B-4F18-A76B-B4248F5B72BC}.AppStore|x86.Build.0 = Release|Any CPU
		{9A72345F-9E2B-4F18-A76B-B4248F5B72BC}.Debug|Any CPU.ActiveCfg = Debug|Any CPU
		{9A72345F-9E2B-4F18-A76B-B4248F5B72BC}.Debug|Any CPU.Build.0 = Debug|Any CPU
		{9A72345F-9E2B-4F18-A76B-B4248F5B72BC}.Debug|ARM.ActiveCfg = Debug|Any CPU
		{9A72345F-9E2B-4F18-A76B-B4248F5B72BC}.Debug|ARM.Build.0 = Debug|Any CPU
		{9A72345F-9E2B-4F18-A76B-B4248F5B72BC}.Debug|iPhone.ActiveCfg = Debug|Any CPU
		{9A72345F-9E2B-4F18-A76B-B4248F5B72BC}.Debug|iPhone.Build.0 = Debug|Any CPU
		{9A72345F-9E2B-4F18-A76B-B4248F5B72BC}.Debug|iPhoneSimulator.ActiveCfg = Debug|Any CPU
		{9A72345F-9E2B-4F18-A76B-B4248F5B72BC}.Debug|iPhoneSimulator.Build.0 = Debug|Any CPU
		{9A72345F-9E2B-4F18-A76B-B4248F5B72BC}.Debug|x64.ActiveCfg = Debug|Any CPU
		{9A72345F-9E2B-4F18-A76B-B4248F5B72BC}.Debug|x64.Build.0 = Debug|Any CPU
		{9A72345F-9E2B-4F18-A76B-B4248F5B72BC}.Debug|x86.ActiveCfg = Debug|Any CPU
		{9A72345F-9E2B-4F18-A76B-B4248F5B72BC}.Debug|x86.Build.0 = Debug|Any CPU
		{9A72345F-9E2B-4F18-A76B-B4248F5B72BC}.Release|Any CPU.ActiveCfg = Release|Any CPU
		{9A72345F-9E2B-4F18-A76B-B4248F5B72BC}.Release|Any CPU.Build.0 = Release|Any CPU
		{9A72345F-9E2B-4F18-A76B-B4248F5B72BC}.Release|ARM.ActiveCfg = Release|Any CPU
		{9A72345F-9E2B-4F18-A76B-B4248F5B72BC}.Release|ARM.Build.0 = Release|Any CPU
		{9A72345F-9E2B-4F18-A76B-B4248F5B72BC}.Release|iPhone.ActiveCfg = Release|Any CPU
		{9A72345F-9E2B-4F18-A76B-B4248F5B72BC}.Release|iPhone.Build.0 = Release|Any CPU
		{9A72345F-9E2B-4F18-A76B-B4248F5B72BC}.Release|iPhoneSimulator.ActiveCfg = Release|Any CPU
		{9A72345F-9E2B-4F18-A76B-B4248F5B72BC}.Release|iPhoneSimulator.Build.0 = Release|Any CPU
		{9A72345F-9E2B-4F18-A76B-B4248F5B72BC}.Release|x64.ActiveCfg = Release|Any CPU
		{9A72345F-9E2B-4F18-A76B-B4248F5B72BC}.Release|x64.Build.0 = Release|Any CPU
		{9A72345F-9E2B-4F18-A76B-B4248F5B72BC}.Release|x86.ActiveCfg = Release|Any CPU
		{9A72345F-9E2B-4F18-A76B-B4248F5B72BC}.Release|x86.Build.0 = Release|Any CPU
		{BD5BC8AD-6913-4739-8F54-5BB7FF7963C4}.Ad-Hoc|Any CPU.ActiveCfg = Release|Any CPU
		{BD5BC8AD-6913-4739-8F54-5BB7FF7963C4}.Ad-Hoc|Any CPU.Build.0 = Release|Any CPU
		{BD5BC8AD-6913-4739-8F54-5BB7FF7963C4}.Ad-Hoc|ARM.ActiveCfg = Release|Any CPU
		{BD5BC8AD-6913-4739-8F54-5BB7FF7963C4}.Ad-Hoc|ARM.Build.0 = Release|Any CPU
		{BD5BC8AD-6913-4739-8F54-5BB7FF7963C4}.Ad-Hoc|iPhone.ActiveCfg = Release|Any CPU
		{BD5BC8AD-6913-4739-8F54-5BB7FF7963C4}.Ad-Hoc|iPhone.Build.0 = Release|Any CPU
		{BD5BC8AD-6913-4739-8F54-5BB7FF7963C4}.Ad-Hoc|iPhoneSimulator.ActiveCfg = Release|Any CPU
		{BD5BC8AD-6913-4739-8F54-5BB7FF7963C4}.Ad-Hoc|iPhoneSimulator.Build.0 = Release|Any CPU
		{BD5BC8AD-6913-4739-8F54-5BB7FF7963C4}.Ad-Hoc|x64.ActiveCfg = Release|Any CPU
		{BD5BC8AD-6913-4739-8F54-5BB7FF7963C4}.Ad-Hoc|x64.Build.0 = Release|Any CPU
		{BD5BC8AD-6913-4739-8F54-5BB7FF7963C4}.Ad-Hoc|x86.ActiveCfg = Release|Any CPU
		{BD5BC8AD-6913-4739-8F54-5BB7FF7963C4}.Ad-Hoc|x86.Build.0 = Release|Any CPU
		{BD5BC8AD-6913-4739-8F54-5BB7FF7963C4}.AppStore|Any CPU.ActiveCfg = Release|Any CPU
		{BD5BC8AD-6913-4739-8F54-5BB7FF7963C4}.AppStore|Any CPU.Build.0 = Release|Any CPU
		{BD5BC8AD-6913-4739-8F54-5BB7FF7963C4}.AppStore|ARM.ActiveCfg = Release|Any CPU
		{BD5BC8AD-6913-4739-8F54-5BB7FF7963C4}.AppStore|ARM.Build.0 = Release|Any CPU
		{BD5BC8AD-6913-4739-8F54-5BB7FF7963C4}.AppStore|iPhone.ActiveCfg = Release|Any CPU
		{BD5BC8AD-6913-4739-8F54-5BB7FF7963C4}.AppStore|iPhone.Build.0 = Release|Any CPU
		{BD5BC8AD-6913-4739-8F54-5BB7FF7963C4}.AppStore|iPhoneSimulator.ActiveCfg = Release|Any CPU
		{BD5BC8AD-6913-4739-8F54-5BB7FF7963C4}.AppStore|iPhoneSimulator.Build.0 = Release|Any CPU
		{BD5BC8AD-6913-4739-8F54-5BB7FF7963C4}.AppStore|x64.ActiveCfg = Release|Any CPU
		{BD5BC8AD-6913-4739-8F54-5BB7FF7963C4}.AppStore|x64.Build.0 = Release|Any CPU
		{BD5BC8AD-6913-4739-8F54-5BB7FF7963C4}.AppStore|x86.ActiveCfg = Release|Any CPU
		{BD5BC8AD-6913-4739-8F54-5BB7FF7963C4}.AppStore|x86.Build.0 = Release|Any CPU
		{BD5BC8AD-6913-4739-8F54-5BB7FF7963C4}.Debug|Any CPU.ActiveCfg = Debug|Any CPU
		{BD5BC8AD-6913-4739-8F54-5BB7FF7963C4}.Debug|Any CPU.Build.0 = Debug|Any CPU
		{BD5BC8AD-6913-4739-8F54-5BB7FF7963C4}.Debug|ARM.ActiveCfg = Debug|Any CPU
		{BD5BC8AD-6913-4739-8F54-5BB7FF7963C4}.Debug|ARM.Build.0 = Debug|Any CPU
		{BD5BC8AD-6913-4739-8F54-5BB7FF7963C4}.Debug|iPhone.ActiveCfg = Debug|Any CPU
		{BD5BC8AD-6913-4739-8F54-5BB7FF7963C4}.Debug|iPhone.Build.0 = Debug|Any CPU
		{BD5BC8AD-6913-4739-8F54-5BB7FF7963C4}.Debug|iPhoneSimulator.ActiveCfg = Debug|Any CPU
		{BD5BC8AD-6913-4739-8F54-5BB7FF7963C4}.Debug|iPhoneSimulator.Build.0 = Debug|Any CPU
		{BD5BC8AD-6913-4739-8F54-5BB7FF7963C4}.Debug|x64.ActiveCfg = Debug|Any CPU
		{BD5BC8AD-6913-4739-8F54-5BB7FF7963C4}.Debug|x64.Build.0 = Debug|Any CPU
		{BD5BC8AD-6913-4739-8F54-5BB7FF7963C4}.Debug|x86.ActiveCfg = Debug|Any CPU
		{BD5BC8AD-6913-4739-8F54-5BB7FF7963C4}.Debug|x86.Build.0 = Debug|Any CPU
		{BD5BC8AD-6913-4739-8F54-5BB7FF7963C4}.Release|Any CPU.ActiveCfg = Release|Any CPU
		{BD5BC8AD-6913-4739-8F54-5BB7FF7963C4}.Release|Any CPU.Build.0 = Release|Any CPU
		{BD5BC8AD-6913-4739-8F54-5BB7FF7963C4}.Release|ARM.ActiveCfg = Release|Any CPU
		{BD5BC8AD-6913-4739-8F54-5BB7FF7963C4}.Release|ARM.Build.0 = Release|Any CPU
		{BD5BC8AD-6913-4739-8F54-5BB7FF7963C4}.Release|iPhone.ActiveCfg = Release|Any CPU
		{BD5BC8AD-6913-4739-8F54-5BB7FF7963C4}.Release|iPhone.Build.0 = Release|Any CPU
		{BD5BC8AD-6913-4739-8F54-5BB7FF7963C4}.Release|iPhoneSimulator.ActiveCfg = Release|Any CPU
		{BD5BC8AD-6913-4739-8F54-5BB7FF7963C4}.Release|iPhoneSimulator.Build.0 = Release|Any CPU
		{BD5BC8AD-6913-4739-8F54-5BB7FF7963C4}.Release|x64.ActiveCfg = Release|Any CPU
		{BD5BC8AD-6913-4739-8F54-5BB7FF7963C4}.Release|x64.Build.0 = Release|Any CPU
		{BD5BC8AD-6913-4739-8F54-5BB7FF7963C4}.Release|x86.ActiveCfg = Release|Any CPU
		{BD5BC8AD-6913-4739-8F54-5BB7FF7963C4}.Release|x86.Build.0 = Release|Any CPU
		{173E3A77-1F98-45D5-824B-A00445807F19}.Ad-Hoc|Any CPU.ActiveCfg = Release|Any CPU
		{173E3A77-1F98-45D5-824B-A00445807F19}.Ad-Hoc|Any CPU.Build.0 = Release|Any CPU
		{173E3A77-1F98-45D5-824B-A00445807F19}.Ad-Hoc|ARM.ActiveCfg = Release|Any CPU
		{173E3A77-1F98-45D5-824B-A00445807F19}.Ad-Hoc|ARM.Build.0 = Release|Any CPU
		{173E3A77-1F98-45D5-824B-A00445807F19}.Ad-Hoc|iPhone.ActiveCfg = Release|Any CPU
		{173E3A77-1F98-45D5-824B-A00445807F19}.Ad-Hoc|iPhone.Build.0 = Release|Any CPU
		{173E3A77-1F98-45D5-824B-A00445807F19}.Ad-Hoc|iPhoneSimulator.ActiveCfg = Release|Any CPU
		{173E3A77-1F98-45D5-824B-A00445807F19}.Ad-Hoc|iPhoneSimulator.Build.0 = Release|Any CPU
		{173E3A77-1F98-45D5-824B-A00445807F19}.Ad-Hoc|x64.ActiveCfg = Release|Any CPU
		{173E3A77-1F98-45D5-824B-A00445807F19}.Ad-Hoc|x64.Build.0 = Release|Any CPU
		{173E3A77-1F98-45D5-824B-A00445807F19}.Ad-Hoc|x86.ActiveCfg = Release|Any CPU
		{173E3A77-1F98-45D5-824B-A00445807F19}.Ad-Hoc|x86.Build.0 = Release|Any CPU
		{173E3A77-1F98-45D5-824B-A00445807F19}.AppStore|Any CPU.ActiveCfg = Release|Any CPU
		{173E3A77-1F98-45D5-824B-A00445807F19}.AppStore|Any CPU.Build.0 = Release|Any CPU
		{173E3A77-1F98-45D5-824B-A00445807F19}.AppStore|ARM.ActiveCfg = Release|Any CPU
		{173E3A77-1F98-45D5-824B-A00445807F19}.AppStore|ARM.Build.0 = Release|Any CPU
		{173E3A77-1F98-45D5-824B-A00445807F19}.AppStore|iPhone.ActiveCfg = Release|Any CPU
		{173E3A77-1F98-45D5-824B-A00445807F19}.AppStore|iPhone.Build.0 = Release|Any CPU
		{173E3A77-1F98-45D5-824B-A00445807F19}.AppStore|iPhoneSimulator.ActiveCfg = Release|Any CPU
		{173E3A77-1F98-45D5-824B-A00445807F19}.AppStore|iPhoneSimulator.Build.0 = Release|Any CPU
		{173E3A77-1F98-45D5-824B-A00445807F19}.AppStore|x64.ActiveCfg = Release|Any CPU
		{173E3A77-1F98-45D5-824B-A00445807F19}.AppStore|x64.Build.0 = Release|Any CPU
		{173E3A77-1F98-45D5-824B-A00445807F19}.AppStore|x86.ActiveCfg = Release|Any CPU
		{173E3A77-1F98-45D5-824B-A00445807F19}.AppStore|x86.Build.0 = Release|Any CPU
		{173E3A77-1F98-45D5-824B-A00445807F19}.Debug|Any CPU.ActiveCfg = Debug|Any CPU
		{173E3A77-1F98-45D5-824B-A00445807F19}.Debug|Any CPU.Build.0 = Debug|Any CPU
		{173E3A77-1F98-45D5-824B-A00445807F19}.Debug|ARM.ActiveCfg = Debug|Any CPU
		{173E3A77-1F98-45D5-824B-A00445807F19}.Debug|ARM.Build.0 = Debug|Any CPU
		{173E3A77-1F98-45D5-824B-A00445807F19}.Debug|iPhone.ActiveCfg = Debug|Any CPU
		{173E3A77-1F98-45D5-824B-A00445807F19}.Debug|iPhone.Build.0 = Debug|Any CPU
		{173E3A77-1F98-45D5-824B-A00445807F19}.Debug|iPhoneSimulator.ActiveCfg = Debug|Any CPU
		{173E3A77-1F98-45D5-824B-A00445807F19}.Debug|iPhoneSimulator.Build.0 = Debug|Any CPU
		{173E3A77-1F98-45D5-824B-A00445807F19}.Debug|x64.ActiveCfg = Debug|Any CPU
		{173E3A77-1F98-45D5-824B-A00445807F19}.Debug|x64.Build.0 = Debug|Any CPU
		{173E3A77-1F98-45D5-824B-A00445807F19}.Debug|x86.ActiveCfg = Debug|Any CPU
		{173E3A77-1F98-45D5-824B-A00445807F19}.Debug|x86.Build.0 = Debug|Any CPU
		{173E3A77-1F98-45D5-824B-A00445807F19}.Release|Any CPU.ActiveCfg = Release|Any CPU
		{173E3A77-1F98-45D5-824B-A00445807F19}.Release|Any CPU.Build.0 = Release|Any CPU
		{173E3A77-1F98-45D5-824B-A00445807F19}.Release|ARM.ActiveCfg = Release|Any CPU
		{173E3A77-1F98-45D5-824B-A00445807F19}.Release|ARM.Build.0 = Release|Any CPU
		{173E3A77-1F98-45D5-824B-A00445807F19}.Release|iPhone.ActiveCfg = Release|Any CPU
		{173E3A77-1F98-45D5-824B-A00445807F19}.Release|iPhone.Build.0 = Release|Any CPU
		{173E3A77-1F98-45D5-824B-A00445807F19}.Release|iPhoneSimulator.ActiveCfg = Release|Any CPU
		{173E3A77-1F98-45D5-824B-A00445807F19}.Release|iPhoneSimulator.Build.0 = Release|Any CPU
		{173E3A77-1F98-45D5-824B-A00445807F19}.Release|x64.ActiveCfg = Release|Any CPU
		{173E3A77-1F98-45D5-824B-A00445807F19}.Release|x64.Build.0 = Release|Any CPU
		{173E3A77-1F98-45D5-824B-A00445807F19}.Release|x86.ActiveCfg = Release|Any CPU
		{173E3A77-1F98-45D5-824B-A00445807F19}.Release|x86.Build.0 = Release|Any CPU
		{43D3B68D-ED8E-41B5-8766-9C51A7121629}.Ad-Hoc|Any CPU.ActiveCfg = Release|Any CPU
		{43D3B68D-ED8E-41B5-8766-9C51A7121629}.Ad-Hoc|Any CPU.Build.0 = Release|Any CPU
		{43D3B68D-ED8E-41B5-8766-9C51A7121629}.Ad-Hoc|Any CPU.Deploy.0 = Release|Any CPU
		{43D3B68D-ED8E-41B5-8766-9C51A7121629}.Ad-Hoc|ARM.ActiveCfg = Release|Any CPU
		{43D3B68D-ED8E-41B5-8766-9C51A7121629}.Ad-Hoc|ARM.Build.0 = Release|Any CPU
		{43D3B68D-ED8E-41B5-8766-9C51A7121629}.Ad-Hoc|ARM.Deploy.0 = Release|Any CPU
		{43D3B68D-ED8E-41B5-8766-9C51A7121629}.Ad-Hoc|iPhone.ActiveCfg = Release|Any CPU
		{43D3B68D-ED8E-41B5-8766-9C51A7121629}.Ad-Hoc|iPhone.Build.0 = Release|Any CPU
		{43D3B68D-ED8E-41B5-8766-9C51A7121629}.Ad-Hoc|iPhone.Deploy.0 = Release|Any CPU
		{43D3B68D-ED8E-41B5-8766-9C51A7121629}.Ad-Hoc|iPhoneSimulator.ActiveCfg = Release|Any CPU
		{43D3B68D-ED8E-41B5-8766-9C51A7121629}.Ad-Hoc|iPhoneSimulator.Build.0 = Release|Any CPU
		{43D3B68D-ED8E-41B5-8766-9C51A7121629}.Ad-Hoc|iPhoneSimulator.Deploy.0 = Release|Any CPU
		{43D3B68D-ED8E-41B5-8766-9C51A7121629}.Ad-Hoc|x64.ActiveCfg = Release|Any CPU
		{43D3B68D-ED8E-41B5-8766-9C51A7121629}.Ad-Hoc|x64.Build.0 = Release|Any CPU
		{43D3B68D-ED8E-41B5-8766-9C51A7121629}.Ad-Hoc|x64.Deploy.0 = Release|Any CPU
		{43D3B68D-ED8E-41B5-8766-9C51A7121629}.Ad-Hoc|x86.ActiveCfg = Release|Any CPU
		{43D3B68D-ED8E-41B5-8766-9C51A7121629}.Ad-Hoc|x86.Build.0 = Release|Any CPU
		{43D3B68D-ED8E-41B5-8766-9C51A7121629}.Ad-Hoc|x86.Deploy.0 = Release|Any CPU
		{43D3B68D-ED8E-41B5-8766-9C51A7121629}.AppStore|Any CPU.ActiveCfg = Release|Any CPU
		{43D3B68D-ED8E-41B5-8766-9C51A7121629}.AppStore|Any CPU.Build.0 = Release|Any CPU
		{43D3B68D-ED8E-41B5-8766-9C51A7121629}.AppStore|Any CPU.Deploy.0 = Release|Any CPU
		{43D3B68D-ED8E-41B5-8766-9C51A7121629}.AppStore|ARM.ActiveCfg = Release|Any CPU
		{43D3B68D-ED8E-41B5-8766-9C51A7121629}.AppStore|ARM.Build.0 = Release|Any CPU
		{43D3B68D-ED8E-41B5-8766-9C51A7121629}.AppStore|ARM.Deploy.0 = Release|Any CPU
		{43D3B68D-ED8E-41B5-8766-9C51A7121629}.AppStore|iPhone.ActiveCfg = Release|Any CPU
		{43D3B68D-ED8E-41B5-8766-9C51A7121629}.AppStore|iPhone.Build.0 = Release|Any CPU
		{43D3B68D-ED8E-41B5-8766-9C51A7121629}.AppStore|iPhone.Deploy.0 = Release|Any CPU
		{43D3B68D-ED8E-41B5-8766-9C51A7121629}.AppStore|iPhoneSimulator.ActiveCfg = Release|Any CPU
		{43D3B68D-ED8E-41B5-8766-9C51A7121629}.AppStore|iPhoneSimulator.Build.0 = Release|Any CPU
		{43D3B68D-ED8E-41B5-8766-9C51A7121629}.AppStore|iPhoneSimulator.Deploy.0 = Release|Any CPU
		{43D3B68D-ED8E-41B5-8766-9C51A7121629}.AppStore|x64.ActiveCfg = Release|Any CPU
		{43D3B68D-ED8E-41B5-8766-9C51A7121629}.AppStore|x64.Build.0 = Release|Any CPU
		{43D3B68D-ED8E-41B5-8766-9C51A7121629}.AppStore|x64.Deploy.0 = Release|Any CPU
		{43D3B68D-ED8E-41B5-8766-9C51A7121629}.AppStore|x86.ActiveCfg = Release|Any CPU
		{43D3B68D-ED8E-41B5-8766-9C51A7121629}.AppStore|x86.Build.0 = Release|Any CPU
		{43D3B68D-ED8E-41B5-8766-9C51A7121629}.AppStore|x86.Deploy.0 = Release|Any CPU
		{43D3B68D-ED8E-41B5-8766-9C51A7121629}.Debug|Any CPU.ActiveCfg = Debug|Any CPU
		{43D3B68D-ED8E-41B5-8766-9C51A7121629}.Debug|Any CPU.Build.0 = Debug|Any CPU
		{43D3B68D-ED8E-41B5-8766-9C51A7121629}.Debug|Any CPU.Deploy.0 = Debug|Any CPU
		{43D3B68D-ED8E-41B5-8766-9C51A7121629}.Debug|ARM.ActiveCfg = Debug|Any CPU
		{43D3B68D-ED8E-41B5-8766-9C51A7121629}.Debug|ARM.Build.0 = Debug|Any CPU
		{43D3B68D-ED8E-41B5-8766-9C51A7121629}.Debug|ARM.Deploy.0 = Debug|Any CPU
		{43D3B68D-ED8E-41B5-8766-9C51A7121629}.Debug|iPhone.ActiveCfg = Debug|Any CPU
		{43D3B68D-ED8E-41B5-8766-9C51A7121629}.Debug|iPhone.Build.0 = Debug|Any CPU
		{43D3B68D-ED8E-41B5-8766-9C51A7121629}.Debug|iPhone.Deploy.0 = Debug|Any CPU
		{43D3B68D-ED8E-41B5-8766-9C51A7121629}.Debug|iPhoneSimulator.ActiveCfg = Debug|Any CPU
		{43D3B68D-ED8E-41B5-8766-9C51A7121629}.Debug|iPhoneSimulator.Build.0 = Debug|Any CPU
		{43D3B68D-ED8E-41B5-8766-9C51A7121629}.Debug|iPhoneSimulator.Deploy.0 = Debug|Any CPU
		{43D3B68D-ED8E-41B5-8766-9C51A7121629}.Debug|x64.ActiveCfg = Debug|Any CPU
		{43D3B68D-ED8E-41B5-8766-9C51A7121629}.Debug|x64.Build.0 = Debug|Any CPU
		{43D3B68D-ED8E-41B5-8766-9C51A7121629}.Debug|x64.Deploy.0 = Debug|Any CPU
		{43D3B68D-ED8E-41B5-8766-9C51A7121629}.Debug|x86.ActiveCfg = Debug|Any CPU
		{43D3B68D-ED8E-41B5-8766-9C51A7121629}.Debug|x86.Build.0 = Debug|Any CPU
		{43D3B68D-ED8E-41B5-8766-9C51A7121629}.Debug|x86.Deploy.0 = Debug|Any CPU
		{43D3B68D-ED8E-41B5-8766-9C51A7121629}.Release|Any CPU.ActiveCfg = Release|Any CPU
		{43D3B68D-ED8E-41B5-8766-9C51A7121629}.Release|Any CPU.Build.0 = Release|Any CPU
		{43D3B68D-ED8E-41B5-8766-9C51A7121629}.Release|Any CPU.Deploy.0 = Release|Any CPU
		{43D3B68D-ED8E-41B5-8766-9C51A7121629}.Release|ARM.ActiveCfg = Release|Any CPU
		{43D3B68D-ED8E-41B5-8766-9C51A7121629}.Release|ARM.Build.0 = Release|Any CPU
		{43D3B68D-ED8E-41B5-8766-9C51A7121629}.Release|ARM.Deploy.0 = Release|Any CPU
		{43D3B68D-ED8E-41B5-8766-9C51A7121629}.Release|iPhone.ActiveCfg = Release|Any CPU
		{43D3B68D-ED8E-41B5-8766-9C51A7121629}.Release|iPhone.Build.0 = Release|Any CPU
		{43D3B68D-ED8E-41B5-8766-9C51A7121629}.Release|iPhone.Deploy.0 = Release|Any CPU
		{43D3B68D-ED8E-41B5-8766-9C51A7121629}.Release|iPhoneSimulator.ActiveCfg = Release|Any CPU
		{43D3B68D-ED8E-41B5-8766-9C51A7121629}.Release|iPhoneSimulator.Build.0 = Release|Any CPU
		{43D3B68D-ED8E-41B5-8766-9C51A7121629}.Release|iPhoneSimulator.Deploy.0 = Release|Any CPU
		{43D3B68D-ED8E-41B5-8766-9C51A7121629}.Release|x64.ActiveCfg = Release|Any CPU
		{43D3B68D-ED8E-41B5-8766-9C51A7121629}.Release|x64.Build.0 = Release|Any CPU
		{43D3B68D-ED8E-41B5-8766-9C51A7121629}.Release|x64.Deploy.0 = Release|Any CPU
		{43D3B68D-ED8E-41B5-8766-9C51A7121629}.Release|x86.ActiveCfg = Release|Any CPU
		{43D3B68D-ED8E-41B5-8766-9C51A7121629}.Release|x86.Build.0 = Release|Any CPU
		{43D3B68D-ED8E-41B5-8766-9C51A7121629}.Release|x86.Deploy.0 = Release|Any CPU
		{1C4853C2-5A96-4948-97B7-EEEDD11B1DB8}.Ad-Hoc|Any CPU.ActiveCfg = Ad-Hoc|iPhone
		{1C4853C2-5A96-4948-97B7-EEEDD11B1DB8}.Ad-Hoc|ARM.ActiveCfg = Ad-Hoc|iPhone
		{1C4853C2-5A96-4948-97B7-EEEDD11B1DB8}.Ad-Hoc|iPhone.ActiveCfg = Ad-Hoc|iPhone
		{1C4853C2-5A96-4948-97B7-EEEDD11B1DB8}.Ad-Hoc|iPhone.Build.0 = Ad-Hoc|iPhone
		{1C4853C2-5A96-4948-97B7-EEEDD11B1DB8}.Ad-Hoc|iPhoneSimulator.ActiveCfg = Ad-Hoc|iPhoneSimulator
		{1C4853C2-5A96-4948-97B7-EEEDD11B1DB8}.Ad-Hoc|iPhoneSimulator.Build.0 = Ad-Hoc|iPhoneSimulator
		{1C4853C2-5A96-4948-97B7-EEEDD11B1DB8}.Ad-Hoc|x64.ActiveCfg = Ad-Hoc|iPhone
		{1C4853C2-5A96-4948-97B7-EEEDD11B1DB8}.Ad-Hoc|x86.ActiveCfg = Ad-Hoc|iPhone
		{1C4853C2-5A96-4948-97B7-EEEDD11B1DB8}.AppStore|Any CPU.ActiveCfg = AppStore|iPhone
		{1C4853C2-5A96-4948-97B7-EEEDD11B1DB8}.AppStore|ARM.ActiveCfg = AppStore|iPhone
		{1C4853C2-5A96-4948-97B7-EEEDD11B1DB8}.AppStore|iPhone.ActiveCfg = AppStore|iPhone
		{1C4853C2-5A96-4948-97B7-EEEDD11B1DB8}.AppStore|iPhone.Build.0 = AppStore|iPhone
		{1C4853C2-5A96-4948-97B7-EEEDD11B1DB8}.AppStore|iPhoneSimulator.ActiveCfg = AppStore|iPhoneSimulator
		{1C4853C2-5A96-4948-97B7-EEEDD11B1DB8}.AppStore|iPhoneSimulator.Build.0 = AppStore|iPhoneSimulator
		{1C4853C2-5A96-4948-97B7-EEEDD11B1DB8}.AppStore|x64.ActiveCfg = AppStore|iPhone
		{1C4853C2-5A96-4948-97B7-EEEDD11B1DB8}.AppStore|x86.ActiveCfg = AppStore|iPhone
		{1C4853C2-5A96-4948-97B7-EEEDD11B1DB8}.Debug|Any CPU.ActiveCfg = Debug|iPhone
		{1C4853C2-5A96-4948-97B7-EEEDD11B1DB8}.Debug|ARM.ActiveCfg = Debug|iPhone
		{1C4853C2-5A96-4948-97B7-EEEDD11B1DB8}.Debug|iPhone.ActiveCfg = Debug|iPhone
		{1C4853C2-5A96-4948-97B7-EEEDD11B1DB8}.Debug|iPhone.Build.0 = Debug|iPhone
		{1C4853C2-5A96-4948-97B7-EEEDD11B1DB8}.Debug|iPhoneSimulator.ActiveCfg = Debug|iPhoneSimulator
		{1C4853C2-5A96-4948-97B7-EEEDD11B1DB8}.Debug|iPhoneSimulator.Build.0 = Debug|iPhoneSimulator
		{1C4853C2-5A96-4948-97B7-EEEDD11B1DB8}.Debug|x64.ActiveCfg = Debug|iPhone
		{1C4853C2-5A96-4948-97B7-EEEDD11B1DB8}.Debug|x86.ActiveCfg = Debug|iPhone
		{1C4853C2-5A96-4948-97B7-EEEDD11B1DB8}.Release|Any CPU.ActiveCfg = Release|iPhone
		{1C4853C2-5A96-4948-97B7-EEEDD11B1DB8}.Release|ARM.ActiveCfg = Release|iPhone
		{1C4853C2-5A96-4948-97B7-EEEDD11B1DB8}.Release|iPhone.ActiveCfg = Release|iPhone
		{1C4853C2-5A96-4948-97B7-EEEDD11B1DB8}.Release|iPhone.Build.0 = Release|iPhone
		{1C4853C2-5A96-4948-97B7-EEEDD11B1DB8}.Release|iPhoneSimulator.ActiveCfg = Release|iPhoneSimulator
		{1C4853C2-5A96-4948-97B7-EEEDD11B1DB8}.Release|iPhoneSimulator.Build.0 = Release|iPhoneSimulator
		{1C4853C2-5A96-4948-97B7-EEEDD11B1DB8}.Release|x64.ActiveCfg = Release|iPhone
		{1C4853C2-5A96-4948-97B7-EEEDD11B1DB8}.Release|x86.ActiveCfg = Release|iPhone
		{DC85ED23-F4B2-4ED6-9DE9-7F1B19DA6DBC}.Ad-Hoc|Any CPU.ActiveCfg = Release|Any CPU
		{DC85ED23-F4B2-4ED6-9DE9-7F1B19DA6DBC}.Ad-Hoc|Any CPU.Build.0 = Release|Any CPU
		{DC85ED23-F4B2-4ED6-9DE9-7F1B19DA6DBC}.Ad-Hoc|Any CPU.Deploy.0 = Release|Any CPU
		{DC85ED23-F4B2-4ED6-9DE9-7F1B19DA6DBC}.Ad-Hoc|ARM.ActiveCfg = Release|ARM
		{DC85ED23-F4B2-4ED6-9DE9-7F1B19DA6DBC}.Ad-Hoc|ARM.Build.0 = Release|ARM
		{DC85ED23-F4B2-4ED6-9DE9-7F1B19DA6DBC}.Ad-Hoc|ARM.Deploy.0 = Release|ARM
		{DC85ED23-F4B2-4ED6-9DE9-7F1B19DA6DBC}.Ad-Hoc|iPhone.ActiveCfg = Release|Any CPU
		{DC85ED23-F4B2-4ED6-9DE9-7F1B19DA6DBC}.Ad-Hoc|iPhone.Build.0 = Release|Any CPU
		{DC85ED23-F4B2-4ED6-9DE9-7F1B19DA6DBC}.Ad-Hoc|iPhone.Deploy.0 = Release|Any CPU
		{DC85ED23-F4B2-4ED6-9DE9-7F1B19DA6DBC}.Ad-Hoc|iPhoneSimulator.ActiveCfg = Release|Any CPU
		{DC85ED23-F4B2-4ED6-9DE9-7F1B19DA6DBC}.Ad-Hoc|iPhoneSimulator.Build.0 = Release|Any CPU
		{DC85ED23-F4B2-4ED6-9DE9-7F1B19DA6DBC}.Ad-Hoc|iPhoneSimulator.Deploy.0 = Release|Any CPU
		{DC85ED23-F4B2-4ED6-9DE9-7F1B19DA6DBC}.Ad-Hoc|x64.ActiveCfg = Release|Any CPU
		{DC85ED23-F4B2-4ED6-9DE9-7F1B19DA6DBC}.Ad-Hoc|x64.Build.0 = Release|Any CPU
		{DC85ED23-F4B2-4ED6-9DE9-7F1B19DA6DBC}.Ad-Hoc|x64.Deploy.0 = Release|Any CPU
		{DC85ED23-F4B2-4ED6-9DE9-7F1B19DA6DBC}.Ad-Hoc|x86.ActiveCfg = Release|x86
		{DC85ED23-F4B2-4ED6-9DE9-7F1B19DA6DBC}.Ad-Hoc|x86.Build.0 = Release|x86
		{DC85ED23-F4B2-4ED6-9DE9-7F1B19DA6DBC}.Ad-Hoc|x86.Deploy.0 = Release|x86
		{DC85ED23-F4B2-4ED6-9DE9-7F1B19DA6DBC}.AppStore|Any CPU.ActiveCfg = Release|Any CPU
		{DC85ED23-F4B2-4ED6-9DE9-7F1B19DA6DBC}.AppStore|Any CPU.Build.0 = Release|Any CPU
		{DC85ED23-F4B2-4ED6-9DE9-7F1B19DA6DBC}.AppStore|Any CPU.Deploy.0 = Release|Any CPU
		{DC85ED23-F4B2-4ED6-9DE9-7F1B19DA6DBC}.AppStore|ARM.ActiveCfg = Release|ARM
		{DC85ED23-F4B2-4ED6-9DE9-7F1B19DA6DBC}.AppStore|ARM.Build.0 = Release|ARM
		{DC85ED23-F4B2-4ED6-9DE9-7F1B19DA6DBC}.AppStore|ARM.Deploy.0 = Release|ARM
		{DC85ED23-F4B2-4ED6-9DE9-7F1B19DA6DBC}.AppStore|iPhone.ActiveCfg = Release|Any CPU
		{DC85ED23-F4B2-4ED6-9DE9-7F1B19DA6DBC}.AppStore|iPhone.Build.0 = Release|Any CPU
		{DC85ED23-F4B2-4ED6-9DE9-7F1B19DA6DBC}.AppStore|iPhone.Deploy.0 = Release|Any CPU
		{DC85ED23-F4B2-4ED6-9DE9-7F1B19DA6DBC}.AppStore|iPhoneSimulator.ActiveCfg = Release|Any CPU
		{DC85ED23-F4B2-4ED6-9DE9-7F1B19DA6DBC}.AppStore|iPhoneSimulator.Build.0 = Release|Any CPU
		{DC85ED23-F4B2-4ED6-9DE9-7F1B19DA6DBC}.AppStore|iPhoneSimulator.Deploy.0 = Release|Any CPU
		{DC85ED23-F4B2-4ED6-9DE9-7F1B19DA6DBC}.AppStore|x64.ActiveCfg = Release|Any CPU
		{DC85ED23-F4B2-4ED6-9DE9-7F1B19DA6DBC}.AppStore|x64.Build.0 = Release|Any CPU
		{DC85ED23-F4B2-4ED6-9DE9-7F1B19DA6DBC}.AppStore|x64.Deploy.0 = Release|Any CPU
		{DC85ED23-F4B2-4ED6-9DE9-7F1B19DA6DBC}.AppStore|x86.ActiveCfg = Release|x86
		{DC85ED23-F4B2-4ED6-9DE9-7F1B19DA6DBC}.AppStore|x86.Build.0 = Release|x86
		{DC85ED23-F4B2-4ED6-9DE9-7F1B19DA6DBC}.AppStore|x86.Deploy.0 = Release|x86
		{DC85ED23-F4B2-4ED6-9DE9-7F1B19DA6DBC}.Debug|Any CPU.ActiveCfg = Debug|Any CPU
		{DC85ED23-F4B2-4ED6-9DE9-7F1B19DA6DBC}.Debug|Any CPU.Build.0 = Debug|Any CPU
		{DC85ED23-F4B2-4ED6-9DE9-7F1B19DA6DBC}.Debug|Any CPU.Deploy.0 = Debug|Any CPU
		{DC85ED23-F4B2-4ED6-9DE9-7F1B19DA6DBC}.Debug|ARM.ActiveCfg = Debug|ARM
		{DC85ED23-F4B2-4ED6-9DE9-7F1B19DA6DBC}.Debug|ARM.Build.0 = Debug|ARM
		{DC85ED23-F4B2-4ED6-9DE9-7F1B19DA6DBC}.Debug|ARM.Deploy.0 = Debug|ARM
		{DC85ED23-F4B2-4ED6-9DE9-7F1B19DA6DBC}.Debug|iPhone.ActiveCfg = Debug|Any CPU
		{DC85ED23-F4B2-4ED6-9DE9-7F1B19DA6DBC}.Debug|iPhone.Build.0 = Debug|Any CPU
		{DC85ED23-F4B2-4ED6-9DE9-7F1B19DA6DBC}.Debug|iPhone.Deploy.0 = Debug|Any CPU
		{DC85ED23-F4B2-4ED6-9DE9-7F1B19DA6DBC}.Debug|iPhoneSimulator.ActiveCfg = Debug|Any CPU
		{DC85ED23-F4B2-4ED6-9DE9-7F1B19DA6DBC}.Debug|iPhoneSimulator.Build.0 = Debug|Any CPU
		{DC85ED23-F4B2-4ED6-9DE9-7F1B19DA6DBC}.Debug|iPhoneSimulator.Deploy.0 = Debug|Any CPU
		{DC85ED23-F4B2-4ED6-9DE9-7F1B19DA6DBC}.Debug|x64.ActiveCfg = Debug|Any CPU
		{DC85ED23-F4B2-4ED6-9DE9-7F1B19DA6DBC}.Debug|x64.Build.0 = Debug|Any CPU
		{DC85ED23-F4B2-4ED6-9DE9-7F1B19DA6DBC}.Debug|x64.Deploy.0 = Debug|Any CPU
		{DC85ED23-F4B2-4ED6-9DE9-7F1B19DA6DBC}.Debug|x86.ActiveCfg = Debug|x86
		{DC85ED23-F4B2-4ED6-9DE9-7F1B19DA6DBC}.Debug|x86.Build.0 = Debug|x86
		{DC85ED23-F4B2-4ED6-9DE9-7F1B19DA6DBC}.Debug|x86.Deploy.0 = Debug|x86
		{DC85ED23-F4B2-4ED6-9DE9-7F1B19DA6DBC}.Release|Any CPU.ActiveCfg = Release|Any CPU
		{DC85ED23-F4B2-4ED6-9DE9-7F1B19DA6DBC}.Release|Any CPU.Build.0 = Release|Any CPU
		{DC85ED23-F4B2-4ED6-9DE9-7F1B19DA6DBC}.Release|Any CPU.Deploy.0 = Release|Any CPU
		{DC85ED23-F4B2-4ED6-9DE9-7F1B19DA6DBC}.Release|ARM.ActiveCfg = Release|ARM
		{DC85ED23-F4B2-4ED6-9DE9-7F1B19DA6DBC}.Release|ARM.Build.0 = Release|ARM
		{DC85ED23-F4B2-4ED6-9DE9-7F1B19DA6DBC}.Release|ARM.Deploy.0 = Release|ARM
		{DC85ED23-F4B2-4ED6-9DE9-7F1B19DA6DBC}.Release|iPhone.ActiveCfg = Release|Any CPU
		{DC85ED23-F4B2-4ED6-9DE9-7F1B19DA6DBC}.Release|iPhone.Build.0 = Release|Any CPU
		{DC85ED23-F4B2-4ED6-9DE9-7F1B19DA6DBC}.Release|iPhone.Deploy.0 = Release|Any CPU
		{DC85ED23-F4B2-4ED6-9DE9-7F1B19DA6DBC}.Release|iPhoneSimulator.ActiveCfg = Release|Any CPU
		{DC85ED23-F4B2-4ED6-9DE9-7F1B19DA6DBC}.Release|iPhoneSimulator.Build.0 = Release|Any CPU
		{DC85ED23-F4B2-4ED6-9DE9-7F1B19DA6DBC}.Release|iPhoneSimulator.Deploy.0 = Release|Any CPU
		{DC85ED23-F4B2-4ED6-9DE9-7F1B19DA6DBC}.Release|x64.ActiveCfg = Release|Any CPU
		{DC85ED23-F4B2-4ED6-9DE9-7F1B19DA6DBC}.Release|x64.Build.0 = Release|Any CPU
		{DC85ED23-F4B2-4ED6-9DE9-7F1B19DA6DBC}.Release|x64.Deploy.0 = Release|Any CPU
		{DC85ED23-F4B2-4ED6-9DE9-7F1B19DA6DBC}.Release|x86.ActiveCfg = Release|x86
		{DC85ED23-F4B2-4ED6-9DE9-7F1B19DA6DBC}.Release|x86.Build.0 = Release|x86
		{DC85ED23-F4B2-4ED6-9DE9-7F1B19DA6DBC}.Release|x86.Deploy.0 = Release|x86
		{6BB84215-32AE-400C-BF9B-7BFA67B736F6}.Ad-Hoc|Any CPU.ActiveCfg = Release|x86
		{6BB84215-32AE-400C-BF9B-7BFA67B736F6}.Ad-Hoc|Any CPU.Build.0 = Release|x86
		{6BB84215-32AE-400C-BF9B-7BFA67B736F6}.Ad-Hoc|Any CPU.Deploy.0 = Release|x86
		{6BB84215-32AE-400C-BF9B-7BFA67B736F6}.Ad-Hoc|ARM.ActiveCfg = Release|ARM
		{6BB84215-32AE-400C-BF9B-7BFA67B736F6}.Ad-Hoc|ARM.Build.0 = Release|ARM
		{6BB84215-32AE-400C-BF9B-7BFA67B736F6}.Ad-Hoc|ARM.Deploy.0 = Release|ARM
		{6BB84215-32AE-400C-BF9B-7BFA67B736F6}.Ad-Hoc|iPhone.ActiveCfg = Release|x86
		{6BB84215-32AE-400C-BF9B-7BFA67B736F6}.Ad-Hoc|iPhone.Build.0 = Release|x86
		{6BB84215-32AE-400C-BF9B-7BFA67B736F6}.Ad-Hoc|iPhone.Deploy.0 = Release|x86
		{6BB84215-32AE-400C-BF9B-7BFA67B736F6}.Ad-Hoc|iPhoneSimulator.ActiveCfg = Release|x86
		{6BB84215-32AE-400C-BF9B-7BFA67B736F6}.Ad-Hoc|iPhoneSimulator.Build.0 = Release|x86
		{6BB84215-32AE-400C-BF9B-7BFA67B736F6}.Ad-Hoc|iPhoneSimulator.Deploy.0 = Release|x86
		{6BB84215-32AE-400C-BF9B-7BFA67B736F6}.Ad-Hoc|x64.ActiveCfg = Release|x64
		{6BB84215-32AE-400C-BF9B-7BFA67B736F6}.Ad-Hoc|x64.Build.0 = Release|x64
		{6BB84215-32AE-400C-BF9B-7BFA67B736F6}.Ad-Hoc|x64.Deploy.0 = Release|x64
		{6BB84215-32AE-400C-BF9B-7BFA67B736F6}.Ad-Hoc|x86.ActiveCfg = Release|x86
		{6BB84215-32AE-400C-BF9B-7BFA67B736F6}.Ad-Hoc|x86.Build.0 = Release|x86
		{6BB84215-32AE-400C-BF9B-7BFA67B736F6}.Ad-Hoc|x86.Deploy.0 = Release|x86
		{6BB84215-32AE-400C-BF9B-7BFA67B736F6}.AppStore|Any CPU.ActiveCfg = Release|x86
		{6BB84215-32AE-400C-BF9B-7BFA67B736F6}.AppStore|Any CPU.Build.0 = Release|x86
		{6BB84215-32AE-400C-BF9B-7BFA67B736F6}.AppStore|Any CPU.Deploy.0 = Release|x86
		{6BB84215-32AE-400C-BF9B-7BFA67B736F6}.AppStore|ARM.ActiveCfg = Release|ARM
		{6BB84215-32AE-400C-BF9B-7BFA67B736F6}.AppStore|ARM.Build.0 = Release|ARM
		{6BB84215-32AE-400C-BF9B-7BFA67B736F6}.AppStore|ARM.Deploy.0 = Release|ARM
		{6BB84215-32AE-400C-BF9B-7BFA67B736F6}.AppStore|iPhone.ActiveCfg = Release|x86
		{6BB84215-32AE-400C-BF9B-7BFA67B736F6}.AppStore|iPhone.Build.0 = Release|x86
		{6BB84215-32AE-400C-BF9B-7BFA67B736F6}.AppStore|iPhone.Deploy.0 = Release|x86
		{6BB84215-32AE-400C-BF9B-7BFA67B736F6}.AppStore|iPhoneSimulator.ActiveCfg = Release|x86
		{6BB84215-32AE-400C-BF9B-7BFA67B736F6}.AppStore|iPhoneSimulator.Build.0 = Release|x86
		{6BB84215-32AE-400C-BF9B-7BFA67B736F6}.AppStore|iPhoneSimulator.Deploy.0 = Release|x86
		{6BB84215-32AE-400C-BF9B-7BFA67B736F6}.AppStore|x64.ActiveCfg = Release|x64
		{6BB84215-32AE-400C-BF9B-7BFA67B736F6}.AppStore|x64.Build.0 = Release|x64
		{6BB84215-32AE-400C-BF9B-7BFA67B736F6}.AppStore|x64.Deploy.0 = Release|x64
		{6BB84215-32AE-400C-BF9B-7BFA67B736F6}.AppStore|x86.ActiveCfg = Release|x86
		{6BB84215-32AE-400C-BF9B-7BFA67B736F6}.AppStore|x86.Build.0 = Release|x86
		{6BB84215-32AE-400C-BF9B-7BFA67B736F6}.AppStore|x86.Deploy.0 = Release|x86
		{6BB84215-32AE-400C-BF9B-7BFA67B736F6}.Debug|Any CPU.ActiveCfg = Debug|x86
		{6BB84215-32AE-400C-BF9B-7BFA67B736F6}.Debug|ARM.ActiveCfg = Debug|ARM
		{6BB84215-32AE-400C-BF9B-7BFA67B736F6}.Debug|ARM.Build.0 = Debug|ARM
		{6BB84215-32AE-400C-BF9B-7BFA67B736F6}.Debug|ARM.Deploy.0 = Debug|ARM
		{6BB84215-32AE-400C-BF9B-7BFA67B736F6}.Debug|iPhone.ActiveCfg = Debug|x86
		{6BB84215-32AE-400C-BF9B-7BFA67B736F6}.Debug|iPhoneSimulator.ActiveCfg = Debug|x86
		{6BB84215-32AE-400C-BF9B-7BFA67B736F6}.Debug|x64.ActiveCfg = Debug|x64
		{6BB84215-32AE-400C-BF9B-7BFA67B736F6}.Debug|x64.Build.0 = Debug|x64
		{6BB84215-32AE-400C-BF9B-7BFA67B736F6}.Debug|x64.Deploy.0 = Debug|x64
		{6BB84215-32AE-400C-BF9B-7BFA67B736F6}.Debug|x86.ActiveCfg = Debug|x86
		{6BB84215-32AE-400C-BF9B-7BFA67B736F6}.Debug|x86.Build.0 = Debug|x86
		{6BB84215-32AE-400C-BF9B-7BFA67B736F6}.Debug|x86.Deploy.0 = Debug|x86
		{6BB84215-32AE-400C-BF9B-7BFA67B736F6}.Release|Any CPU.ActiveCfg = Release|x86
		{6BB84215-32AE-400C-BF9B-7BFA67B736F6}.Release|ARM.ActiveCfg = Release|ARM
		{6BB84215-32AE-400C-BF9B-7BFA67B736F6}.Release|ARM.Build.0 = Release|ARM
		{6BB84215-32AE-400C-BF9B-7BFA67B736F6}.Release|ARM.Deploy.0 = Release|ARM
		{6BB84215-32AE-400C-BF9B-7BFA67B736F6}.Release|iPhone.ActiveCfg = Release|x86
		{6BB84215-32AE-400C-BF9B-7BFA67B736F6}.Release|iPhoneSimulator.ActiveCfg = Release|x86
		{6BB84215-32AE-400C-BF9B-7BFA67B736F6}.Release|x64.ActiveCfg = Release|x64
		{6BB84215-32AE-400C-BF9B-7BFA67B736F6}.Release|x64.Build.0 = Release|x64
		{6BB84215-32AE-400C-BF9B-7BFA67B736F6}.Release|x64.Deploy.0 = Release|x64
		{6BB84215-32AE-400C-BF9B-7BFA67B736F6}.Release|x86.ActiveCfg = Release|x86
		{6BB84215-32AE-400C-BF9B-7BFA67B736F6}.Release|x86.Build.0 = Release|x86
		{6BB84215-32AE-400C-BF9B-7BFA67B736F6}.Release|x86.Deploy.0 = Release|x86
		{C60673DB-2F60-43D0-AE7D-2B6851F75F0F}.Ad-Hoc|Any CPU.ActiveCfg = Release|Any CPU
		{C60673DB-2F60-43D0-AE7D-2B6851F75F0F}.Ad-Hoc|Any CPU.Build.0 = Release|Any CPU
		{C60673DB-2F60-43D0-AE7D-2B6851F75F0F}.Ad-Hoc|Any CPU.Deploy.0 = Release|Any CPU
		{C60673DB-2F60-43D0-AE7D-2B6851F75F0F}.Ad-Hoc|ARM.ActiveCfg = Release|ARM
		{C60673DB-2F60-43D0-AE7D-2B6851F75F0F}.Ad-Hoc|ARM.Build.0 = Release|ARM
		{C60673DB-2F60-43D0-AE7D-2B6851F75F0F}.Ad-Hoc|ARM.Deploy.0 = Release|ARM
		{C60673DB-2F60-43D0-AE7D-2B6851F75F0F}.Ad-Hoc|iPhone.ActiveCfg = Release|Any CPU
		{C60673DB-2F60-43D0-AE7D-2B6851F75F0F}.Ad-Hoc|iPhone.Build.0 = Release|Any CPU
		{C60673DB-2F60-43D0-AE7D-2B6851F75F0F}.Ad-Hoc|iPhone.Deploy.0 = Release|Any CPU
		{C60673DB-2F60-43D0-AE7D-2B6851F75F0F}.Ad-Hoc|iPhoneSimulator.ActiveCfg = Release|Any CPU
		{C60673DB-2F60-43D0-AE7D-2B6851F75F0F}.Ad-Hoc|iPhoneSimulator.Build.0 = Release|Any CPU
		{C60673DB-2F60-43D0-AE7D-2B6851F75F0F}.Ad-Hoc|iPhoneSimulator.Deploy.0 = Release|Any CPU
		{C60673DB-2F60-43D0-AE7D-2B6851F75F0F}.Ad-Hoc|x64.ActiveCfg = Release|x64
		{C60673DB-2F60-43D0-AE7D-2B6851F75F0F}.Ad-Hoc|x64.Build.0 = Release|x64
		{C60673DB-2F60-43D0-AE7D-2B6851F75F0F}.Ad-Hoc|x64.Deploy.0 = Release|x64
		{C60673DB-2F60-43D0-AE7D-2B6851F75F0F}.Ad-Hoc|x86.ActiveCfg = Release|x86
		{C60673DB-2F60-43D0-AE7D-2B6851F75F0F}.Ad-Hoc|x86.Build.0 = Release|x86
		{C60673DB-2F60-43D0-AE7D-2B6851F75F0F}.Ad-Hoc|x86.Deploy.0 = Release|x86
		{C60673DB-2F60-43D0-AE7D-2B6851F75F0F}.AppStore|Any CPU.ActiveCfg = Release|Any CPU
		{C60673DB-2F60-43D0-AE7D-2B6851F75F0F}.AppStore|Any CPU.Build.0 = Release|Any CPU
		{C60673DB-2F60-43D0-AE7D-2B6851F75F0F}.AppStore|Any CPU.Deploy.0 = Release|Any CPU
		{C60673DB-2F60-43D0-AE7D-2B6851F75F0F}.AppStore|ARM.ActiveCfg = Release|ARM
		{C60673DB-2F60-43D0-AE7D-2B6851F75F0F}.AppStore|ARM.Build.0 = Release|ARM
		{C60673DB-2F60-43D0-AE7D-2B6851F75F0F}.AppStore|ARM.Deploy.0 = Release|ARM
		{C60673DB-2F60-43D0-AE7D-2B6851F75F0F}.AppStore|iPhone.ActiveCfg = Release|Any CPU
		{C60673DB-2F60-43D0-AE7D-2B6851F75F0F}.AppStore|iPhone.Build.0 = Release|Any CPU
		{C60673DB-2F60-43D0-AE7D-2B6851F75F0F}.AppStore|iPhone.Deploy.0 = Release|Any CPU
		{C60673DB-2F60-43D0-AE7D-2B6851F75F0F}.AppStore|iPhoneSimulator.ActiveCfg = Release|Any CPU
		{C60673DB-2F60-43D0-AE7D-2B6851F75F0F}.AppStore|iPhoneSimulator.Build.0 = Release|Any CPU
		{C60673DB-2F60-43D0-AE7D-2B6851F75F0F}.AppStore|iPhoneSimulator.Deploy.0 = Release|Any CPU
		{C60673DB-2F60-43D0-AE7D-2B6851F75F0F}.AppStore|x64.ActiveCfg = Release|x64
		{C60673DB-2F60-43D0-AE7D-2B6851F75F0F}.AppStore|x64.Build.0 = Release|x64
		{C60673DB-2F60-43D0-AE7D-2B6851F75F0F}.AppStore|x64.Deploy.0 = Release|x64
		{C60673DB-2F60-43D0-AE7D-2B6851F75F0F}.AppStore|x86.ActiveCfg = Release|x86
		{C60673DB-2F60-43D0-AE7D-2B6851F75F0F}.AppStore|x86.Build.0 = Release|x86
		{C60673DB-2F60-43D0-AE7D-2B6851F75F0F}.AppStore|x86.Deploy.0 = Release|x86
		{C60673DB-2F60-43D0-AE7D-2B6851F75F0F}.Debug|Any CPU.ActiveCfg = Debug|Any CPU
		{C60673DB-2F60-43D0-AE7D-2B6851F75F0F}.Debug|Any CPU.Build.0 = Debug|Any CPU
		{C60673DB-2F60-43D0-AE7D-2B6851F75F0F}.Debug|Any CPU.Deploy.0 = Debug|Any CPU
		{C60673DB-2F60-43D0-AE7D-2B6851F75F0F}.Debug|ARM.ActiveCfg = Debug|ARM
		{C60673DB-2F60-43D0-AE7D-2B6851F75F0F}.Debug|ARM.Build.0 = Debug|ARM
		{C60673DB-2F60-43D0-AE7D-2B6851F75F0F}.Debug|ARM.Deploy.0 = Debug|ARM
		{C60673DB-2F60-43D0-AE7D-2B6851F75F0F}.Debug|iPhone.ActiveCfg = Debug|Any CPU
		{C60673DB-2F60-43D0-AE7D-2B6851F75F0F}.Debug|iPhone.Build.0 = Debug|Any CPU
		{C60673DB-2F60-43D0-AE7D-2B6851F75F0F}.Debug|iPhone.Deploy.0 = Debug|Any CPU
		{C60673DB-2F60-43D0-AE7D-2B6851F75F0F}.Debug|iPhoneSimulator.ActiveCfg = Debug|Any CPU
		{C60673DB-2F60-43D0-AE7D-2B6851F75F0F}.Debug|iPhoneSimulator.Build.0 = Debug|Any CPU
		{C60673DB-2F60-43D0-AE7D-2B6851F75F0F}.Debug|iPhoneSimulator.Deploy.0 = Debug|Any CPU
		{C60673DB-2F60-43D0-AE7D-2B6851F75F0F}.Debug|x64.ActiveCfg = Debug|x64
		{C60673DB-2F60-43D0-AE7D-2B6851F75F0F}.Debug|x64.Build.0 = Debug|x64
		{C60673DB-2F60-43D0-AE7D-2B6851F75F0F}.Debug|x64.Deploy.0 = Debug|x64
		{C60673DB-2F60-43D0-AE7D-2B6851F75F0F}.Debug|x86.ActiveCfg = Debug|x86
		{C60673DB-2F60-43D0-AE7D-2B6851F75F0F}.Debug|x86.Build.0 = Debug|x86
		{C60673DB-2F60-43D0-AE7D-2B6851F75F0F}.Debug|x86.Deploy.0 = Debug|x86
		{C60673DB-2F60-43D0-AE7D-2B6851F75F0F}.Release|Any CPU.ActiveCfg = Release|Any CPU
		{C60673DB-2F60-43D0-AE7D-2B6851F75F0F}.Release|Any CPU.Build.0 = Release|Any CPU
		{C60673DB-2F60-43D0-AE7D-2B6851F75F0F}.Release|Any CPU.Deploy.0 = Release|Any CPU
		{C60673DB-2F60-43D0-AE7D-2B6851F75F0F}.Release|ARM.ActiveCfg = Release|ARM
		{C60673DB-2F60-43D0-AE7D-2B6851F75F0F}.Release|ARM.Build.0 = Release|ARM
		{C60673DB-2F60-43D0-AE7D-2B6851F75F0F}.Release|ARM.Deploy.0 = Release|ARM
		{C60673DB-2F60-43D0-AE7D-2B6851F75F0F}.Release|iPhone.ActiveCfg = Release|Any CPU
		{C60673DB-2F60-43D0-AE7D-2B6851F75F0F}.Release|iPhone.Build.0 = Release|Any CPU
		{C60673DB-2F60-43D0-AE7D-2B6851F75F0F}.Release|iPhone.Deploy.0 = Release|Any CPU
		{C60673DB-2F60-43D0-AE7D-2B6851F75F0F}.Release|iPhoneSimulator.ActiveCfg = Release|Any CPU
		{C60673DB-2F60-43D0-AE7D-2B6851F75F0F}.Release|iPhoneSimulator.Build.0 = Release|Any CPU
		{C60673DB-2F60-43D0-AE7D-2B6851F75F0F}.Release|iPhoneSimulator.Deploy.0 = Release|Any CPU
		{C60673DB-2F60-43D0-AE7D-2B6851F75F0F}.Release|x64.ActiveCfg = Release|x64
		{C60673DB-2F60-43D0-AE7D-2B6851F75F0F}.Release|x64.Build.0 = Release|x64
		{C60673DB-2F60-43D0-AE7D-2B6851F75F0F}.Release|x64.Deploy.0 = Release|x64
		{C60673DB-2F60-43D0-AE7D-2B6851F75F0F}.Release|x86.ActiveCfg = Release|x86
		{C60673DB-2F60-43D0-AE7D-2B6851F75F0F}.Release|x86.Build.0 = Release|x86
		{C60673DB-2F60-43D0-AE7D-2B6851F75F0F}.Release|x86.Deploy.0 = Release|x86
		{DB29696E-1A92-4351-8D62-F3E9C0DF9FD4}.Ad-Hoc|Any CPU.ActiveCfg = Release|Any CPU
		{DB29696E-1A92-4351-8D62-F3E9C0DF9FD4}.Ad-Hoc|Any CPU.Build.0 = Release|Any CPU
		{DB29696E-1A92-4351-8D62-F3E9C0DF9FD4}.Ad-Hoc|ARM.ActiveCfg = Release|Any CPU
		{DB29696E-1A92-4351-8D62-F3E9C0DF9FD4}.Ad-Hoc|ARM.Build.0 = Release|Any CPU
		{DB29696E-1A92-4351-8D62-F3E9C0DF9FD4}.Ad-Hoc|iPhone.ActiveCfg = Release|Any CPU
		{DB29696E-1A92-4351-8D62-F3E9C0DF9FD4}.Ad-Hoc|iPhone.Build.0 = Release|Any CPU
		{DB29696E-1A92-4351-8D62-F3E9C0DF9FD4}.Ad-Hoc|iPhoneSimulator.ActiveCfg = Release|Any CPU
		{DB29696E-1A92-4351-8D62-F3E9C0DF9FD4}.Ad-Hoc|iPhoneSimulator.Build.0 = Release|Any CPU
		{DB29696E-1A92-4351-8D62-F3E9C0DF9FD4}.Ad-Hoc|x64.ActiveCfg = Release|Any CPU
		{DB29696E-1A92-4351-8D62-F3E9C0DF9FD4}.Ad-Hoc|x64.Build.0 = Release|Any CPU
		{DB29696E-1A92-4351-8D62-F3E9C0DF9FD4}.Ad-Hoc|x86.ActiveCfg = Release|Any CPU
		{DB29696E-1A92-4351-8D62-F3E9C0DF9FD4}.Ad-Hoc|x86.Build.0 = Release|Any CPU
		{DB29696E-1A92-4351-8D62-F3E9C0DF9FD4}.AppStore|Any CPU.ActiveCfg = Release|Any CPU
		{DB29696E-1A92-4351-8D62-F3E9C0DF9FD4}.AppStore|Any CPU.Build.0 = Release|Any CPU
		{DB29696E-1A92-4351-8D62-F3E9C0DF9FD4}.AppStore|ARM.ActiveCfg = Release|Any CPU
		{DB29696E-1A92-4351-8D62-F3E9C0DF9FD4}.AppStore|ARM.Build.0 = Release|Any CPU
		{DB29696E-1A92-4351-8D62-F3E9C0DF9FD4}.AppStore|iPhone.ActiveCfg = Release|Any CPU
		{DB29696E-1A92-4351-8D62-F3E9C0DF9FD4}.AppStore|iPhone.Build.0 = Release|Any CPU
		{DB29696E-1A92-4351-8D62-F3E9C0DF9FD4}.AppStore|iPhoneSimulator.ActiveCfg = Release|Any CPU
		{DB29696E-1A92-4351-8D62-F3E9C0DF9FD4}.AppStore|iPhoneSimulator.Build.0 = Release|Any CPU
		{DB29696E-1A92-4351-8D62-F3E9C0DF9FD4}.AppStore|x64.ActiveCfg = Release|Any CPU
		{DB29696E-1A92-4351-8D62-F3E9C0DF9FD4}.AppStore|x64.Build.0 = Release|Any CPU
		{DB29696E-1A92-4351-8D62-F3E9C0DF9FD4}.AppStore|x86.ActiveCfg = Release|Any CPU
		{DB29696E-1A92-4351-8D62-F3E9C0DF9FD4}.AppStore|x86.Build.0 = Release|Any CPU
		{DB29696E-1A92-4351-8D62-F3E9C0DF9FD4}.Debug|Any CPU.ActiveCfg = Debug|Any CPU
		{DB29696E-1A92-4351-8D62-F3E9C0DF9FD4}.Debug|Any CPU.Build.0 = Debug|Any CPU
		{DB29696E-1A92-4351-8D62-F3E9C0DF9FD4}.Debug|ARM.ActiveCfg = Debug|Any CPU
		{DB29696E-1A92-4351-8D62-F3E9C0DF9FD4}.Debug|ARM.Build.0 = Debug|Any CPU
		{DB29696E-1A92-4351-8D62-F3E9C0DF9FD4}.Debug|iPhone.ActiveCfg = Debug|Any CPU
		{DB29696E-1A92-4351-8D62-F3E9C0DF9FD4}.Debug|iPhone.Build.0 = Debug|Any CPU
		{DB29696E-1A92-4351-8D62-F3E9C0DF9FD4}.Debug|iPhoneSimulator.ActiveCfg = Debug|Any CPU
		{DB29696E-1A92-4351-8D62-F3E9C0DF9FD4}.Debug|iPhoneSimulator.Build.0 = Debug|Any CPU
		{DB29696E-1A92-4351-8D62-F3E9C0DF9FD4}.Debug|x64.ActiveCfg = Debug|Any CPU
		{DB29696E-1A92-4351-8D62-F3E9C0DF9FD4}.Debug|x64.Build.0 = Debug|Any CPU
		{DB29696E-1A92-4351-8D62-F3E9C0DF9FD4}.Debug|x86.ActiveCfg = Debug|Any CPU
		{DB29696E-1A92-4351-8D62-F3E9C0DF9FD4}.Debug|x86.Build.0 = Debug|Any CPU
		{DB29696E-1A92-4351-8D62-F3E9C0DF9FD4}.Release|Any CPU.ActiveCfg = Release|Any CPU
		{DB29696E-1A92-4351-8D62-F3E9C0DF9FD4}.Release|Any CPU.Build.0 = Release|Any CPU
		{DB29696E-1A92-4351-8D62-F3E9C0DF9FD4}.Release|ARM.ActiveCfg = Release|Any CPU
		{DB29696E-1A92-4351-8D62-F3E9C0DF9FD4}.Release|ARM.Build.0 = Release|Any CPU
		{DB29696E-1A92-4351-8D62-F3E9C0DF9FD4}.Release|iPhone.ActiveCfg = Release|Any CPU
		{DB29696E-1A92-4351-8D62-F3E9C0DF9FD4}.Release|iPhone.Build.0 = Release|Any CPU
		{DB29696E-1A92-4351-8D62-F3E9C0DF9FD4}.Release|iPhoneSimulator.ActiveCfg = Release|Any CPU
		{DB29696E-1A92-4351-8D62-F3E9C0DF9FD4}.Release|iPhoneSimulator.Build.0 = Release|Any CPU
		{DB29696E-1A92-4351-8D62-F3E9C0DF9FD4}.Release|x64.ActiveCfg = Release|Any CPU
		{DB29696E-1A92-4351-8D62-F3E9C0DF9FD4}.Release|x64.Build.0 = Release|Any CPU
		{DB29696E-1A92-4351-8D62-F3E9C0DF9FD4}.Release|x86.ActiveCfg = Release|Any CPU
		{DB29696E-1A92-4351-8D62-F3E9C0DF9FD4}.Release|x86.Build.0 = Release|Any CPU
		{5B56569A-0350-4298-ABA6-09FC92FD297F}.Ad-Hoc|Any CPU.ActiveCfg = Release|Any CPU
		{5B56569A-0350-4298-ABA6-09FC92FD297F}.Ad-Hoc|Any CPU.Build.0 = Release|Any CPU
		{5B56569A-0350-4298-ABA6-09FC92FD297F}.Ad-Hoc|ARM.ActiveCfg = Release|Any CPU
		{5B56569A-0350-4298-ABA6-09FC92FD297F}.Ad-Hoc|ARM.Build.0 = Release|Any CPU
		{5B56569A-0350-4298-ABA6-09FC92FD297F}.Ad-Hoc|iPhone.ActiveCfg = Release|Any CPU
		{5B56569A-0350-4298-ABA6-09FC92FD297F}.Ad-Hoc|iPhone.Build.0 = Release|Any CPU
		{5B56569A-0350-4298-ABA6-09FC92FD297F}.Ad-Hoc|iPhoneSimulator.ActiveCfg = Release|Any CPU
		{5B56569A-0350-4298-ABA6-09FC92FD297F}.Ad-Hoc|iPhoneSimulator.Build.0 = Release|Any CPU
		{5B56569A-0350-4298-ABA6-09FC92FD297F}.Ad-Hoc|x64.ActiveCfg = Release|Any CPU
		{5B56569A-0350-4298-ABA6-09FC92FD297F}.Ad-Hoc|x64.Build.0 = Release|Any CPU
		{5B56569A-0350-4298-ABA6-09FC92FD297F}.Ad-Hoc|x86.ActiveCfg = Release|Any CPU
		{5B56569A-0350-4298-ABA6-09FC92FD297F}.Ad-Hoc|x86.Build.0 = Release|Any CPU
		{5B56569A-0350-4298-ABA6-09FC92FD297F}.AppStore|Any CPU.ActiveCfg = Release|Any CPU
		{5B56569A-0350-4298-ABA6-09FC92FD297F}.AppStore|Any CPU.Build.0 = Release|Any CPU
		{5B56569A-0350-4298-ABA6-09FC92FD297F}.AppStore|ARM.ActiveCfg = Release|Any CPU
		{5B56569A-0350-4298-ABA6-09FC92FD297F}.AppStore|ARM.Build.0 = Release|Any CPU
		{5B56569A-0350-4298-ABA6-09FC92FD297F}.AppStore|iPhone.ActiveCfg = Release|Any CPU
		{5B56569A-0350-4298-ABA6-09FC92FD297F}.AppStore|iPhone.Build.0 = Release|Any CPU
		{5B56569A-0350-4298-ABA6-09FC92FD297F}.AppStore|iPhoneSimulator.ActiveCfg = Release|Any CPU
		{5B56569A-0350-4298-ABA6-09FC92FD297F}.AppStore|iPhoneSimulator.Build.0 = Release|Any CPU
		{5B56569A-0350-4298-ABA6-09FC92FD297F}.AppStore|x64.ActiveCfg = Release|Any CPU
		{5B56569A-0350-4298-ABA6-09FC92FD297F}.AppStore|x64.Build.0 = Release|Any CPU
		{5B56569A-0350-4298-ABA6-09FC92FD297F}.AppStore|x86.ActiveCfg = Release|Any CPU
		{5B56569A-0350-4298-ABA6-09FC92FD297F}.AppStore|x86.Build.0 = Release|Any CPU
		{5B56569A-0350-4298-ABA6-09FC92FD297F}.Debug|Any CPU.ActiveCfg = Debug|Any CPU
		{5B56569A-0350-4298-ABA6-09FC92FD297F}.Debug|Any CPU.Build.0 = Debug|Any CPU
		{5B56569A-0350-4298-ABA6-09FC92FD297F}.Debug|ARM.ActiveCfg = Debug|Any CPU
		{5B56569A-0350-4298-ABA6-09FC92FD297F}.Debug|ARM.Build.0 = Debug|Any CPU
		{5B56569A-0350-4298-ABA6-09FC92FD297F}.Debug|iPhone.ActiveCfg = Debug|Any CPU
		{5B56569A-0350-4298-ABA6-09FC92FD297F}.Debug|iPhone.Build.0 = Debug|Any CPU
		{5B56569A-0350-4298-ABA6-09FC92FD297F}.Debug|iPhoneSimulator.ActiveCfg = Debug|Any CPU
		{5B56569A-0350-4298-ABA6-09FC92FD297F}.Debug|iPhoneSimulator.Build.0 = Debug|Any CPU
		{5B56569A-0350-4298-ABA6-09FC92FD297F}.Debug|x64.ActiveCfg = Debug|Any CPU
		{5B56569A-0350-4298-ABA6-09FC92FD297F}.Debug|x64.Build.0 = Debug|Any CPU
		{5B56569A-0350-4298-ABA6-09FC92FD297F}.Debug|x86.ActiveCfg = Debug|Any CPU
		{5B56569A-0350-4298-ABA6-09FC92FD297F}.Debug|x86.Build.0 = Debug|Any CPU
		{5B56569A-0350-4298-ABA6-09FC92FD297F}.Release|Any CPU.ActiveCfg = Release|Any CPU
		{5B56569A-0350-4298-ABA6-09FC92FD297F}.Release|Any CPU.Build.0 = Release|Any CPU
		{5B56569A-0350-4298-ABA6-09FC92FD297F}.Release|ARM.ActiveCfg = Release|Any CPU
		{5B56569A-0350-4298-ABA6-09FC92FD297F}.Release|ARM.Build.0 = Release|Any CPU
		{5B56569A-0350-4298-ABA6-09FC92FD297F}.Release|iPhone.ActiveCfg = Release|Any CPU
		{5B56569A-0350-4298-ABA6-09FC92FD297F}.Release|iPhone.Build.0 = Release|Any CPU
		{5B56569A-0350-4298-ABA6-09FC92FD297F}.Release|iPhoneSimulator.ActiveCfg = Release|Any CPU
		{5B56569A-0350-4298-ABA6-09FC92FD297F}.Release|iPhoneSimulator.Build.0 = Release|Any CPU
		{5B56569A-0350-4298-ABA6-09FC92FD297F}.Release|x64.ActiveCfg = Release|Any CPU
		{5B56569A-0350-4298-ABA6-09FC92FD297F}.Release|x64.Build.0 = Release|Any CPU
		{5B56569A-0350-4298-ABA6-09FC92FD297F}.Release|x86.ActiveCfg = Release|Any CPU
		{5B56569A-0350-4298-ABA6-09FC92FD297F}.Release|x86.Build.0 = Release|Any CPU
	EndGlobalSection
	GlobalSection(SolutionProperties) = preSolution
		HideSolutionNode = FALSE
	EndGlobalSection
EndGlobal
